// !$*UTF8*$!
{
	archiveVersion = 1;
	classes = {
	};
	objectVersion = 46;
	objects = {

/* Begin PBXBuildFile section */
		D903ADB6168CD3F2003D8A23 /* UIKit.framework in Frameworks */ = {isa = PBXBuildFile; fileRef = D903ADB5168CD3F2003D8A23 /* UIKit.framework */; };
		D903ADB8168CD3F2003D8A23 /* Foundation.framework in Frameworks */ = {isa = PBXBuildFile; fileRef = D903ADB7168CD3F2003D8A23 /* Foundation.framework */; };
		D903ADBA168CD3F2003D8A23 /* CoreGraphics.framework in Frameworks */ = {isa = PBXBuildFile; fileRef = D903ADB9168CD3F2003D8A23 /* CoreGraphics.framework */; };
		D903ADC0168CD3F2003D8A23 /* InfoPlist.strings in Resources */ = {isa = PBXBuildFile; fileRef = D903ADBE168CD3F2003D8A23 /* InfoPlist.strings */; };
		D903ADC2168CD3F2003D8A23 /* main.m in Sources */ = {isa = PBXBuildFile; fileRef = D903ADC1168CD3F2003D8A23 /* main.m */; };
		D903ADC6168CD3F2003D8A23 /* OWAppDelegate.m in Sources */ = {isa = PBXBuildFile; fileRef = D903ADC5168CD3F2003D8A23 /* OWAppDelegate.m */; };
		D903ADC8168CD3F2003D8A23 /* Default.png in Resources */ = {isa = PBXBuildFile; fileRef = D903ADC7168CD3F2003D8A23 /* Default.png */; };
		D903ADCA168CD3F2003D8A23 /* Default@2x.png in Resources */ = {isa = PBXBuildFile; fileRef = D903ADC9168CD3F2003D8A23 /* Default@2x.png */; };
		D903ADCC168CD3F2003D8A23 /* Default-568h@2x.png in Resources */ = {isa = PBXBuildFile; fileRef = D903ADCB168CD3F2003D8A23 /* Default-568h@2x.png */; };
		D903ADD9168CD79D003D8A23 /* aclu-logo.jpg in Resources */ = {isa = PBXBuildFile; fileRef = D903ADD7168CD79D003D8A23 /* aclu-logo.jpg */; };
		D90696491694BDCF006FEA8C /* CoreLocation.framework in Frameworks */ = {isa = PBXBuildFile; fileRef = D90696481694BDCF006FEA8C /* CoreLocation.framework */; };
		D906964B1694BDD4006FEA8C /* MapKit.framework in Frameworks */ = {isa = PBXBuildFile; fileRef = D906964A1694BDD4006FEA8C /* MapKit.framework */; };
		D906964F1694C074006FEA8C /* OWUserInfoViewController.m in Sources */ = {isa = PBXBuildFile; fileRef = D906964E1694C074006FEA8C /* OWUserInfoViewController.m */; };
		D906966A1694CED1006FEA8C /* OWACLUAZUtilities.m in Sources */ = {isa = PBXBuildFile; fileRef = D90696691694CED1006FEA8C /* OWACLUAZUtilities.m */; };
		D940DA3E1696408F00DE6DDE /* aclu-logo@2x.jpg in Resources */ = {isa = PBXBuildFile; fileRef = D940DA3D1696408F00DE6DDE /* aclu-logo@2x.jpg */; };
		D940DA41169651C400DE6DDE /* OWRightsViewController.m in Sources */ = {isa = PBXBuildFile; fileRef = D940DA40169651C400DE6DDE /* OWRightsViewController.m */; };
		D940DA50169653D800DE6DDE /* QuickLook.framework in Frameworks */ = {isa = PBXBuildFile; fileRef = D940DA4F169653D800DE6DDE /* QuickLook.framework */; };
		D940DA531696565500DE6DDE /* OWPreviewItem.m in Sources */ = {isa = PBXBuildFile; fileRef = D940DA521696565500DE6DDE /* OWPreviewItem.m */; };
		D940DA551696650E00DE6DDE /* logo.png in Resources */ = {isa = PBXBuildFile; fileRef = D940DA541696650E00DE6DDE /* logo.png */; };
		D940DA571696651500DE6DDE /* logo@2x.png in Resources */ = {isa = PBXBuildFile; fileRef = D940DA561696651500DE6DDE /* logo@2x.png */; };
		D94502AF16962E5F003BEF5E /* body_bg.png in Resources */ = {isa = PBXBuildFile; fileRef = D94502AD16962E5F003BEF5E /* body_bg.png */; };
		D94502B016962E5F003BEF5E /* body_bg@2x.png in Resources */ = {isa = PBXBuildFile; fileRef = D94502AE16962E5F003BEF5E /* body_bg@2x.png */; };
		D94502D716963759003BEF5E /* blueButton.png in Resources */ = {isa = PBXBuildFile; fileRef = D94502BA16963759003BEF5E /* blueButton.png */; };
		D94502D816963759003BEF5E /* blueButton@2x.png in Resources */ = {isa = PBXBuildFile; fileRef = D94502BB16963759003BEF5E /* blueButton@2x.png */; };
		D94502D916963759003BEF5E /* blueButtonHighlight.png in Resources */ = {isa = PBXBuildFile; fileRef = D94502BC16963759003BEF5E /* blueButtonHighlight.png */; };
		D94502DA16963759003BEF5E /* blueButtonHighlight@2x.png in Resources */ = {isa = PBXBuildFile; fileRef = D94502BD16963759003BEF5E /* blueButtonHighlight@2x.png */; };
		D94502DB16963759003BEF5E /* greenButton.png in Resources */ = {isa = PBXBuildFile; fileRef = D94502BE16963759003BEF5E /* greenButton.png */; };
		D94502DC16963759003BEF5E /* greenButton@2x.png in Resources */ = {isa = PBXBuildFile; fileRef = D94502BF16963759003BEF5E /* greenButton@2x.png */; };
		D94502DD16963759003BEF5E /* greenButtonHighlight.png in Resources */ = {isa = PBXBuildFile; fileRef = D94502C016963759003BEF5E /* greenButtonHighlight.png */; };
		D94502DE16963759003BEF5E /* greenButtonHighlight@2x.png in Resources */ = {isa = PBXBuildFile; fileRef = D94502C116963759003BEF5E /* greenButtonHighlight@2x.png */; };
		D99826FB16977500008828A9 /* Localizable.strings in Resources */ = {isa = PBXBuildFile; fileRef = D99826F916977500008828A9 /* Localizable.strings */; };
		D998272B16977FA5008828A9 /* OWAboutViewController.m in Sources */ = {isa = PBXBuildFile; fileRef = D998272A16977FA5008828A9 /* OWAboutViewController.m */; };
		D998273216978516008828A9 /* about_icon.png in Resources */ = {isa = PBXBuildFile; fileRef = D998273016978516008828A9 /* about_icon.png */; };
		D998273316978516008828A9 /* about_icon@2x.png in Resources */ = {isa = PBXBuildFile; fileRef = D998273116978516008828A9 /* about_icon@2x.png */; };
		D998277D169787C9008828A9 /* OWACLUClient.m in Sources */ = {isa = PBXBuildFile; fileRef = D998277C169787C9008828A9 /* OWACLUClient.m */; };
		D99827A916978AA5008828A9 /* SystemConfiguration.framework in Frameworks */ = {isa = PBXBuildFile; fileRef = D99827A816978AA5008828A9 /* SystemConfiguration.framework */; };
		D99827AB16978AA9008828A9 /* MobileCoreServices.framework in Frameworks */ = {isa = PBXBuildFile; fileRef = D99827AA16978AA9008828A9 /* MobileCoreServices.framework */; };
		D99827AE16979C1E008828A9 /* openwatch.png in Resources */ = {isa = PBXBuildFile; fileRef = D99827AC16979C1E008828A9 /* openwatch.png */; };
		D99827AF16979C1E008828A9 /* openwatch@2x.png in Resources */ = {isa = PBXBuildFile; fileRef = D99827AD16979C1E008828A9 /* openwatch@2x.png */; };
		D99827D21697BCA8008828A9 /* list.png in Resources */ = {isa = PBXBuildFile; fileRef = D99827D01697BCA8008828A9 /* list.png */; };
		D99827D31697BCA8008828A9 /* list@2x.png in Resources */ = {isa = PBXBuildFile; fileRef = D99827D11697BCA8008828A9 /* list@2x.png */; };
		D9AF4B97169B4CDC00469DB7 /* OWSegmentedRightsViewController.m in Sources */ = {isa = PBXBuildFile; fileRef = D9AF4B96169B4CDC00469DB7 /* OWSegmentedRightsViewController.m */; };
		D9AF4B9A169B526A00469DB7 /* OWRightsView.m in Sources */ = {isa = PBXBuildFile; fileRef = D9AF4B99169B526A00469DB7 /* OWRightsView.m */; };
		D9AF4BBD169B818E00469DB7 /* driving.png in Resources */ = {isa = PBXBuildFile; fileRef = D9AF4BB2169B818E00469DB7 /* driving.png */; };
		D9AF4BBE169B818E00469DB7 /* home.png in Resources */ = {isa = PBXBuildFile; fileRef = D9AF4BB3169B818E00469DB7 /* home.png */; };
		D9AF4BBF169B818E00469DB7 /* jail.png in Resources */ = {isa = PBXBuildFile; fileRef = D9AF4BB4169B818E00469DB7 /* jail.png */; };
		D9AF4BC0169B818E00469DB7 /* stickman.png in Resources */ = {isa = PBXBuildFile; fileRef = D9AF4BB5169B818E00469DB7 /* stickman.png */; };
		D9AF4BC1169B818E00469DB7 /* street.png in Resources */ = {isa = PBXBuildFile; fileRef = D9AF4BB6169B818E00469DB7 /* street.png */; };
		D9AF4BC2169B818E00469DB7 /* driving@2x.png in Resources */ = {isa = PBXBuildFile; fileRef = D9AF4BB8169B818E00469DB7 /* driving@2x.png */; };
		D9AF4BC3169B818E00469DB7 /* home@2x.png in Resources */ = {isa = PBXBuildFile; fileRef = D9AF4BB9169B818E00469DB7 /* home@2x.png */; };
		D9AF4BC4169B818E00469DB7 /* jail@2x.png in Resources */ = {isa = PBXBuildFile; fileRef = D9AF4BBA169B818E00469DB7 /* jail@2x.png */; };
		D9AF4BC5169B818E00469DB7 /* stickman@2x.png in Resources */ = {isa = PBXBuildFile; fileRef = D9AF4BBB169B818E00469DB7 /* stickman@2x.png */; };
		D9AF4BC6169B818E00469DB7 /* street@2x.png in Resources */ = {isa = PBXBuildFile; fileRef = D9AF4BBC169B818E00469DB7 /* street@2x.png */; };
		D9AF4BC9169B885F00469DB7 /* satinweave.png in Resources */ = {isa = PBXBuildFile; fileRef = D9AF4BC7169B885F00469DB7 /* satinweave.png */; };
		D9AF4BCA169B885F00469DB7 /* satinweave@2x.png in Resources */ = {isa = PBXBuildFile; fileRef = D9AF4BC8169B885F00469DB7 /* satinweave@2x.png */; };
		D9AF4BCD169B8B5F00469DB7 /* 75-phone.png in Resources */ = {isa = PBXBuildFile; fileRef = D9AF4BCB169B8B5F00469DB7 /* 75-phone.png */; };
		D9AF4BCE169B8B5F00469DB7 /* 75-phone@2x.png in Resources */ = {isa = PBXBuildFile; fileRef = D9AF4BCC169B8B5F00469DB7 /* 75-phone@2x.png */; };
		D9AF4BE3169B961A00469DB7 /* AFHTTPClient.m in Sources */ = {isa = PBXBuildFile; fileRef = D9AF4BD1169B961A00469DB7 /* AFHTTPClient.m */; };
		D9AF4BE4169B961A00469DB7 /* AFHTTPRequestOperation.m in Sources */ = {isa = PBXBuildFile; fileRef = D9AF4BD3169B961A00469DB7 /* AFHTTPRequestOperation.m */; };
		D9AF4BE5169B961A00469DB7 /* AFImageRequestOperation.m in Sources */ = {isa = PBXBuildFile; fileRef = D9AF4BD5169B961A00469DB7 /* AFImageRequestOperation.m */; };
		D9AF4BE6169B961A00469DB7 /* AFJSONRequestOperation.m in Sources */ = {isa = PBXBuildFile; fileRef = D9AF4BD7169B961A00469DB7 /* AFJSONRequestOperation.m */; };
		D9AF4BE7169B961A00469DB7 /* AFNetworkActivityIndicatorManager.m in Sources */ = {isa = PBXBuildFile; fileRef = D9AF4BD9169B961A00469DB7 /* AFNetworkActivityIndicatorManager.m */; };
		D9AF4BE8169B961A00469DB7 /* AFPropertyListRequestOperation.m in Sources */ = {isa = PBXBuildFile; fileRef = D9AF4BDC169B961A00469DB7 /* AFPropertyListRequestOperation.m */; };
		D9AF4BE9169B961A00469DB7 /* AFURLConnectionOperation.m in Sources */ = {isa = PBXBuildFile; fileRef = D9AF4BDE169B961A00469DB7 /* AFURLConnectionOperation.m */; };
		D9AF4BEA169B961A00469DB7 /* AFXMLRequestOperation.m in Sources */ = {isa = PBXBuildFile; fileRef = D9AF4BE0169B961A00469DB7 /* AFXMLRequestOperation.m */; };
		D9AF4BEB169B961A00469DB7 /* UIImageView+AFNetworking.m in Sources */ = {isa = PBXBuildFile; fileRef = D9AF4BE2169B961A00469DB7 /* UIImageView+AFNetworking.m */; };
		D9AF4C28169B962900469DB7 /* MagicalImportFunctions.m in Sources */ = {isa = PBXBuildFile; fileRef = D9AF4BF0169B962900469DB7 /* MagicalImportFunctions.m */; };
		D9AF4C29169B962900469DB7 /* NSAttributeDescription+MagicalDataImport.m in Sources */ = {isa = PBXBuildFile; fileRef = D9AF4BF2169B962900469DB7 /* NSAttributeDescription+MagicalDataImport.m */; };
		D9AF4C2A169B962900469DB7 /* NSEntityDescription+MagicalDataImport.m in Sources */ = {isa = PBXBuildFile; fileRef = D9AF4BF4169B962900469DB7 /* NSEntityDescription+MagicalDataImport.m */; };
		D9AF4C2B169B962900469DB7 /* NSNumber+MagicalDataImport.m in Sources */ = {isa = PBXBuildFile; fileRef = D9AF4BF6169B962900469DB7 /* NSNumber+MagicalDataImport.m */; };
		D9AF4C2C169B962900469DB7 /* NSObject+MagicalDataImport.m in Sources */ = {isa = PBXBuildFile; fileRef = D9AF4BF8169B962900469DB7 /* NSObject+MagicalDataImport.m */; };
		D9AF4C2D169B962900469DB7 /* NSRelationshipDescription+MagicalDataImport.m in Sources */ = {isa = PBXBuildFile; fileRef = D9AF4BFA169B962900469DB7 /* NSRelationshipDescription+MagicalDataImport.m */; };
		D9AF4C2E169B962900469DB7 /* NSString+MagicalDataImport.m in Sources */ = {isa = PBXBuildFile; fileRef = D9AF4BFC169B962900469DB7 /* NSString+MagicalDataImport.m */; };
		D9AF4C2F169B962900469DB7 /* NSManagedObject+MagicalAggregation.m in Sources */ = {isa = PBXBuildFile; fileRef = D9AF4BFF169B962900469DB7 /* NSManagedObject+MagicalAggregation.m */; };
		D9AF4C30169B962900469DB7 /* NSManagedObject+MagicalDataImport.m in Sources */ = {isa = PBXBuildFile; fileRef = D9AF4C01169B962900469DB7 /* NSManagedObject+MagicalDataImport.m */; };
		D9AF4C31169B962900469DB7 /* NSManagedObject+MagicalFinders.m in Sources */ = {isa = PBXBuildFile; fileRef = D9AF4C03169B962900469DB7 /* NSManagedObject+MagicalFinders.m */; };
		D9AF4C32169B962900469DB7 /* NSManagedObject+MagicalRecord.m in Sources */ = {isa = PBXBuildFile; fileRef = D9AF4C05169B962900469DB7 /* NSManagedObject+MagicalRecord.m */; };
		D9AF4C33169B962900469DB7 /* NSManagedObject+MagicalRequests.m in Sources */ = {isa = PBXBuildFile; fileRef = D9AF4C07169B962900469DB7 /* NSManagedObject+MagicalRequests.m */; };
		D9AF4C34169B962900469DB7 /* NSManagedObjectContext+MagicalObserving.m in Sources */ = {isa = PBXBuildFile; fileRef = D9AF4C0A169B962900469DB7 /* NSManagedObjectContext+MagicalObserving.m */; };
		D9AF4C35169B962900469DB7 /* NSManagedObjectContext+MagicalRecord.m in Sources */ = {isa = PBXBuildFile; fileRef = D9AF4C0C169B962900469DB7 /* NSManagedObjectContext+MagicalRecord.m */; };
		D9AF4C36169B962900469DB7 /* NSManagedObjectContext+MagicalSaves.m in Sources */ = {isa = PBXBuildFile; fileRef = D9AF4C0E169B962900469DB7 /* NSManagedObjectContext+MagicalSaves.m */; };
		D9AF4C37169B962900469DB7 /* NSManagedObjectContext+MagicalThreading.m in Sources */ = {isa = PBXBuildFile; fileRef = D9AF4C10169B962900469DB7 /* NSManagedObjectContext+MagicalThreading.m */; };
		D9AF4C38169B962900469DB7 /* NSManagedObjectModel+MagicalRecord.m in Sources */ = {isa = PBXBuildFile; fileRef = D9AF4C12169B962900469DB7 /* NSManagedObjectModel+MagicalRecord.m */; };
		D9AF4C39169B962900469DB7 /* NSPersistentStore+MagicalRecord.m in Sources */ = {isa = PBXBuildFile; fileRef = D9AF4C14169B962900469DB7 /* NSPersistentStore+MagicalRecord.m */; };
		D9AF4C3A169B962900469DB7 /* NSPersistentStoreCoordinator+MagicalRecord.m in Sources */ = {isa = PBXBuildFile; fileRef = D9AF4C16169B962900469DB7 /* NSPersistentStoreCoordinator+MagicalRecord.m */; };
		D9AF4C3B169B962900469DB7 /* MagicalRecord+Actions.m in Sources */ = {isa = PBXBuildFile; fileRef = D9AF4C19169B962900469DB7 /* MagicalRecord+Actions.m */; };
		D9AF4C3C169B962900469DB7 /* MagicalRecord+ErrorHandling.m in Sources */ = {isa = PBXBuildFile; fileRef = D9AF4C1B169B962900469DB7 /* MagicalRecord+ErrorHandling.m */; };
		D9AF4C3D169B962900469DB7 /* MagicalRecord+iCloud.m in Sources */ = {isa = PBXBuildFile; fileRef = D9AF4C1D169B962900469DB7 /* MagicalRecord+iCloud.m */; };
		D9AF4C3E169B962900469DB7 /* MagicalRecord+Options.m in Sources */ = {isa = PBXBuildFile; fileRef = D9AF4C1F169B962900469DB7 /* MagicalRecord+Options.m */; };
		D9AF4C3F169B962900469DB7 /* MagicalRecord+Setup.m in Sources */ = {isa = PBXBuildFile; fileRef = D9AF4C21169B962900469DB7 /* MagicalRecord+Setup.m */; };
		D9AF4C40169B962900469DB7 /* MagicalRecord+ShorthandSupport.m in Sources */ = {isa = PBXBuildFile; fileRef = D9AF4C23169B962900469DB7 /* MagicalRecord+ShorthandSupport.m */; };
		D9AF4C41169B962900469DB7 /* MagicalRecord.m in Sources */ = {isa = PBXBuildFile; fileRef = D9AF4C25169B962900469DB7 /* MagicalRecord.m */; };
		D9AF4C51169B964A00469DB7 /* libQuickDialog.a in Frameworks */ = {isa = PBXBuildFile; fileRef = D9AF4C4E169B963A00469DB7 /* libQuickDialog.a */; };
		D9AF4C59169B965700469DB7 /* libTestFlight.a in Frameworks */ = {isa = PBXBuildFile; fileRef = D9AF4C54169B965700469DB7 /* libTestFlight.a */; };
		D9AF4C62169B99C800469DB7 /* JSONKit.m in Sources */ = {isa = PBXBuildFile; fileRef = D9AF4C5F169B99C800469DB7 /* JSONKit.m */; settings = {COMPILER_FLAGS = "-fno-objc-arc"; }; };
		D9CA9CD4169760080068D336 /* libz.dylib in Frameworks */ = {isa = PBXBuildFile; fileRef = D9CA9CD3169760080068D336 /* libz.dylib */; };
		D9F6B9B1168CDDE10095D4FA /* OWACLUAZHomeViewController.m in Sources */ = {isa = PBXBuildFile; fileRef = D9F6B9B0168CDDE10095D4FA /* OWACLUAZHomeViewController.m */; };
		D9F6B9B6168CE0B00095D4FA /* OWReportViewController.m in Sources */ = {isa = PBXBuildFile; fileRef = D9F6B9B5168CE0B00095D4FA /* OWReportViewController.m */; };
		D9FBAE441694E55B00F70E2C /* OWUserInfoController.m in Sources */ = {isa = PBXBuildFile; fileRef = D9FBAE431694E55B00F70E2C /* OWUserInfoController.m */; };
		D9FBAE471694EADC00F70E2C /* Model.xcdatamodeld in Sources */ = {isa = PBXBuildFile; fileRef = D9FBAE451694EADC00F70E2C /* Model.xcdatamodeld */; };
		D9FBAE4D1694EC4800F70E2C /* OWReport.m in Sources */ = {isa = PBXBuildFile; fileRef = D9FBAE4C1694EC4700F70E2C /* OWReport.m */; };
		D9FBAEAB1694F21700F70E2C /* CoreData.framework in Frameworks */ = {isa = PBXBuildFile; fileRef = D9FBAEAA1694F21700F70E2C /* CoreData.framework */; };
		D9FBAED81695203A00F70E2C /* OWReportListViewController.m in Sources */ = {isa = PBXBuildFile; fileRef = D9FBAED71695203900F70E2C /* OWReportListViewController.m */; };
/* End PBXBuildFile section */

/* Begin PBXContainerItemProxy section */
		D9AF4C4B169B963A00469DB7 /* PBXContainerItemProxy */ = {
			isa = PBXContainerItemProxy;
			containerPortal = D9AF4C42169B963A00469DB7 /* QuickDialog.xcodeproj */;
			proxyType = 2;
			remoteGlobalIDString = D80B0E3313E052DF00FA85CA;
			remoteInfo = QuickDialogExample;
		};
		D9AF4C4D169B963A00469DB7 /* PBXContainerItemProxy */ = {
			isa = PBXContainerItemProxy;
			containerPortal = D9AF4C42169B963A00469DB7 /* QuickDialog.xcodeproj */;
			proxyType = 2;
			remoteGlobalIDString = 2C542393145ADEBD0026A152;
			remoteInfo = QuickDialog;
		};
		D9AF4C4F169B964400469DB7 /* PBXContainerItemProxy */ = {
			isa = PBXContainerItemProxy;
			containerPortal = D9AF4C42169B963A00469DB7 /* QuickDialog.xcodeproj */;
			proxyType = 1;
			remoteGlobalIDString = 2C542392145ADEBD0026A152;
			remoteInfo = QuickDialog;
		};
/* End PBXContainerItemProxy section */

/* Begin PBXFileReference section */
		D903ADB1168CD3F2003D8A23 /* Stop SB1070.app */ = {isa = PBXFileReference; explicitFileType = wrapper.application; includeInIndex = 0; path = "Stop SB1070.app"; sourceTree = BUILT_PRODUCTS_DIR; };
		D903ADB5168CD3F2003D8A23 /* UIKit.framework */ = {isa = PBXFileReference; lastKnownFileType = wrapper.framework; name = UIKit.framework; path = System/Library/Frameworks/UIKit.framework; sourceTree = SDKROOT; };
		D903ADB7168CD3F2003D8A23 /* Foundation.framework */ = {isa = PBXFileReference; lastKnownFileType = wrapper.framework; name = Foundation.framework; path = System/Library/Frameworks/Foundation.framework; sourceTree = SDKROOT; };
		D903ADB9168CD3F2003D8A23 /* CoreGraphics.framework */ = {isa = PBXFileReference; lastKnownFileType = wrapper.framework; name = CoreGraphics.framework; path = System/Library/Frameworks/CoreGraphics.framework; sourceTree = SDKROOT; };
		D903ADBD168CD3F2003D8A23 /* ACLU AZ-Info.plist */ = {isa = PBXFileReference; fileEncoding = 4; lastKnownFileType = text.plist.xml; path = "ACLU AZ-Info.plist"; sourceTree = "<group>"; };
		D903ADBF168CD3F2003D8A23 /* en */ = {isa = PBXFileReference; lastKnownFileType = text.plist.strings; name = en; path = en.lproj/InfoPlist.strings; sourceTree = "<group>"; };
		D903ADC1168CD3F2003D8A23 /* main.m */ = {isa = PBXFileReference; lastKnownFileType = sourcecode.c.objc; path = main.m; sourceTree = "<group>"; };
		D903ADC3168CD3F2003D8A23 /* ACLU AZ-Prefix.pch */ = {isa = PBXFileReference; lastKnownFileType = sourcecode.c.h; path = "ACLU AZ-Prefix.pch"; sourceTree = "<group>"; };
		D903ADC4168CD3F2003D8A23 /* OWAppDelegate.h */ = {isa = PBXFileReference; lastKnownFileType = sourcecode.c.h; path = OWAppDelegate.h; sourceTree = "<group>"; };
		D903ADC5168CD3F2003D8A23 /* OWAppDelegate.m */ = {isa = PBXFileReference; lastKnownFileType = sourcecode.c.objc; path = OWAppDelegate.m; sourceTree = "<group>"; };
		D903ADC7168CD3F2003D8A23 /* Default.png */ = {isa = PBXFileReference; lastKnownFileType = image.png; path = Default.png; sourceTree = "<group>"; };
		D903ADC9168CD3F2003D8A23 /* Default@2x.png */ = {isa = PBXFileReference; lastKnownFileType = image.png; path = "Default@2x.png"; sourceTree = "<group>"; };
		D903ADCB168CD3F2003D8A23 /* Default-568h@2x.png */ = {isa = PBXFileReference; lastKnownFileType = image.png; path = "Default-568h@2x.png"; sourceTree = "<group>"; };
		D903ADD2168CD4CB003D8A23 /* OWACLUAZHomeViewController.h */ = {isa = PBXFileReference; fileEncoding = 4; lastKnownFileType = sourcecode.c.h; path = OWACLUAZHomeViewController.h; sourceTree = "<group>"; };
		D903ADD7168CD79D003D8A23 /* aclu-logo.jpg */ = {isa = PBXFileReference; lastKnownFileType = image.jpeg; path = "aclu-logo.jpg"; sourceTree = "<group>"; };
		D90696481694BDCF006FEA8C /* CoreLocation.framework */ = {isa = PBXFileReference; lastKnownFileType = wrapper.framework; name = CoreLocation.framework; path = System/Library/Frameworks/CoreLocation.framework; sourceTree = SDKROOT; };
		D906964A1694BDD4006FEA8C /* MapKit.framework */ = {isa = PBXFileReference; lastKnownFileType = wrapper.framework; name = MapKit.framework; path = System/Library/Frameworks/MapKit.framework; sourceTree = SDKROOT; };
		D906964D1694C074006FEA8C /* OWUserInfoViewController.h */ = {isa = PBXFileReference; fileEncoding = 4; lastKnownFileType = sourcecode.c.h; path = OWUserInfoViewController.h; sourceTree = "<group>"; };
		D906964E1694C074006FEA8C /* OWUserInfoViewController.m */ = {isa = PBXFileReference; fileEncoding = 4; lastKnownFileType = sourcecode.c.objc; path = OWUserInfoViewController.m; sourceTree = "<group>"; };
		D90696681694CED1006FEA8C /* OWACLUAZUtilities.h */ = {isa = PBXFileReference; fileEncoding = 4; lastKnownFileType = sourcecode.c.h; path = OWACLUAZUtilities.h; sourceTree = "<group>"; };
		D90696691694CED1006FEA8C /* OWACLUAZUtilities.m */ = {isa = PBXFileReference; fileEncoding = 4; lastKnownFileType = sourcecode.c.objc; path = OWACLUAZUtilities.m; sourceTree = "<group>"; };
		D940DA3D1696408F00DE6DDE /* aclu-logo@2x.jpg */ = {isa = PBXFileReference; lastKnownFileType = image.jpeg; path = "aclu-logo@2x.jpg"; sourceTree = "<group>"; };
		D940DA3F169651C400DE6DDE /* OWRightsViewController.h */ = {isa = PBXFileReference; fileEncoding = 4; lastKnownFileType = sourcecode.c.h; path = OWRightsViewController.h; sourceTree = "<group>"; };
		D940DA40169651C400DE6DDE /* OWRightsViewController.m */ = {isa = PBXFileReference; fileEncoding = 4; lastKnownFileType = sourcecode.c.objc; path = OWRightsViewController.m; sourceTree = "<group>"; };
		D940DA431696524100DE6DDE /* bust-english.pdf */ = {isa = PBXFileReference; lastKnownFileType = image.pdf; path = "bust-english.pdf"; sourceTree = "<group>"; };
		D940DA441696524100DE6DDE /* bust-spanish.pdf */ = {isa = PBXFileReference; lastKnownFileType = image.pdf; path = "bust-spanish.pdf"; sourceTree = "<group>"; };
		D940DA451696524100DE6DDE /* info-english.pdf */ = {isa = PBXFileReference; lastKnownFileType = image.pdf; path = "info-english.pdf"; sourceTree = "<group>"; };
		D940DA461696524100DE6DDE /* info-spanish.pdf */ = {isa = PBXFileReference; lastKnownFileType = image.pdf; path = "info-spanish.pdf"; sourceTree = "<group>"; };
		D940DA471696524100DE6DDE /* kyr-english.pdf */ = {isa = PBXFileReference; lastKnownFileType = image.pdf; path = "kyr-english.pdf"; sourceTree = "<group>"; };
		D940DA481696524100DE6DDE /* kyr-spanish.pdf */ = {isa = PBXFileReference; lastKnownFileType = image.pdf; path = "kyr-spanish.pdf"; sourceTree = "<group>"; };
		D940DA4F169653D800DE6DDE /* QuickLook.framework */ = {isa = PBXFileReference; lastKnownFileType = wrapper.framework; name = QuickLook.framework; path = System/Library/Frameworks/QuickLook.framework; sourceTree = SDKROOT; };
		D940DA511696565500DE6DDE /* OWPreviewItem.h */ = {isa = PBXFileReference; fileEncoding = 4; lastKnownFileType = sourcecode.c.h; path = OWPreviewItem.h; sourceTree = "<group>"; };
		D940DA521696565500DE6DDE /* OWPreviewItem.m */ = {isa = PBXFileReference; fileEncoding = 4; lastKnownFileType = sourcecode.c.objc; path = OWPreviewItem.m; sourceTree = "<group>"; };
		D940DA541696650E00DE6DDE /* logo.png */ = {isa = PBXFileReference; lastKnownFileType = image.png; name = logo.png; path = ../logo.png; sourceTree = "<group>"; };
		D940DA561696651500DE6DDE /* logo@2x.png */ = {isa = PBXFileReference; lastKnownFileType = image.png; name = "logo@2x.png"; path = "../logo@2x.png"; sourceTree = "<group>"; };
		D94502AD16962E5F003BEF5E /* body_bg.png */ = {isa = PBXFileReference; lastKnownFileType = image.png; path = body_bg.png; sourceTree = "<group>"; };
		D94502AE16962E5F003BEF5E /* body_bg@2x.png */ = {isa = PBXFileReference; lastKnownFileType = image.png; path = "body_bg@2x.png"; sourceTree = "<group>"; };
		D94502B616963759003BEF5E /* blackButton.png */ = {isa = PBXFileReference; lastKnownFileType = image.png; path = blackButton.png; sourceTree = "<group>"; };
		D94502B716963759003BEF5E /* blackButton@2x.png */ = {isa = PBXFileReference; lastKnownFileType = image.png; path = "blackButton@2x.png"; sourceTree = "<group>"; };
		D94502B816963759003BEF5E /* blackButtonHighlight.png */ = {isa = PBXFileReference; lastKnownFileType = image.png; path = blackButtonHighlight.png; sourceTree = "<group>"; };
		D94502B916963759003BEF5E /* blackButtonHighlight@2x.png */ = {isa = PBXFileReference; lastKnownFileType = image.png; path = "blackButtonHighlight@2x.png"; sourceTree = "<group>"; };
		D94502BA16963759003BEF5E /* blueButton.png */ = {isa = PBXFileReference; lastKnownFileType = image.png; path = blueButton.png; sourceTree = "<group>"; };
		D94502BB16963759003BEF5E /* blueButton@2x.png */ = {isa = PBXFileReference; lastKnownFileType = image.png; path = "blueButton@2x.png"; sourceTree = "<group>"; };
		D94502BC16963759003BEF5E /* blueButtonHighlight.png */ = {isa = PBXFileReference; lastKnownFileType = image.png; path = blueButtonHighlight.png; sourceTree = "<group>"; };
		D94502BD16963759003BEF5E /* blueButtonHighlight@2x.png */ = {isa = PBXFileReference; lastKnownFileType = image.png; path = "blueButtonHighlight@2x.png"; sourceTree = "<group>"; };
		D94502BE16963759003BEF5E /* greenButton.png */ = {isa = PBXFileReference; lastKnownFileType = image.png; path = greenButton.png; sourceTree = "<group>"; };
		D94502BF16963759003BEF5E /* greenButton@2x.png */ = {isa = PBXFileReference; lastKnownFileType = image.png; path = "greenButton@2x.png"; sourceTree = "<group>"; };
		D94502C016963759003BEF5E /* greenButtonHighlight.png */ = {isa = PBXFileReference; lastKnownFileType = image.png; path = greenButtonHighlight.png; sourceTree = "<group>"; };
		D94502C116963759003BEF5E /* greenButtonHighlight@2x.png */ = {isa = PBXFileReference; lastKnownFileType = image.png; path = "greenButtonHighlight@2x.png"; sourceTree = "<group>"; };
		D94502C216963759003BEF5E /* greyButton.png */ = {isa = PBXFileReference; lastKnownFileType = image.png; path = greyButton.png; sourceTree = "<group>"; };
		D94502C316963759003BEF5E /* greyButton@2x.png */ = {isa = PBXFileReference; lastKnownFileType = image.png; path = "greyButton@2x.png"; sourceTree = "<group>"; };
		D94502C416963759003BEF5E /* greyButton@2xpng */ = {isa = PBXFileReference; lastKnownFileType = file; path = "greyButton@2xpng"; sourceTree = "<group>"; };
		D94502C516963759003BEF5E /* greyButtonHighlight.png */ = {isa = PBXFileReference; lastKnownFileType = image.png; path = greyButtonHighlight.png; sourceTree = "<group>"; };
		D94502C616963759003BEF5E /* greyButtonHighlight@2x.png */ = {isa = PBXFileReference; lastKnownFileType = image.png; path = "greyButtonHighlight@2x.png"; sourceTree = "<group>"; };
		D94502C716963759003BEF5E /* orangeButton.png */ = {isa = PBXFileReference; lastKnownFileType = image.png; path = orangeButton.png; sourceTree = "<group>"; };
		D94502C816963759003BEF5E /* orangeButton@2x.png */ = {isa = PBXFileReference; lastKnownFileType = image.png; path = "orangeButton@2x.png"; sourceTree = "<group>"; };
		D94502C916963759003BEF5E /* orangeButtonHighlight.png */ = {isa = PBXFileReference; lastKnownFileType = image.png; path = orangeButtonHighlight.png; sourceTree = "<group>"; };
		D94502CA16963759003BEF5E /* orangeButtonHighlight@2x.png */ = {isa = PBXFileReference; lastKnownFileType = image.png; path = "orangeButtonHighlight@2x.png"; sourceTree = "<group>"; };
		D94502CB16963759003BEF5E /* tanButton.png */ = {isa = PBXFileReference; lastKnownFileType = image.png; path = tanButton.png; sourceTree = "<group>"; };
		D94502CC16963759003BEF5E /* tanButton@2x.png */ = {isa = PBXFileReference; lastKnownFileType = image.png; path = "tanButton@2x.png"; sourceTree = "<group>"; };
		D94502CD16963759003BEF5E /* tanButtonHighlight.png */ = {isa = PBXFileReference; lastKnownFileType = image.png; path = tanButtonHighlight.png; sourceTree = "<group>"; };
		D94502CE16963759003BEF5E /* tanButtonHighlight@2x.png */ = {isa = PBXFileReference; lastKnownFileType = image.png; path = "tanButtonHighlight@2x.png"; sourceTree = "<group>"; };
		D94502CF16963759003BEF5E /* whiteButton.png */ = {isa = PBXFileReference; lastKnownFileType = image.png; path = whiteButton.png; sourceTree = "<group>"; };
		D94502D016963759003BEF5E /* whiteButton@2x.png */ = {isa = PBXFileReference; lastKnownFileType = image.png; path = "whiteButton@2x.png"; sourceTree = "<group>"; };
		D94502D116963759003BEF5E /* whiteButtonHighlight.png */ = {isa = PBXFileReference; lastKnownFileType = image.png; path = whiteButtonHighlight.png; sourceTree = "<group>"; };
		D94502D216963759003BEF5E /* whiteButtonHighlight@2x.png */ = {isa = PBXFileReference; lastKnownFileType = image.png; path = "whiteButtonHighlight@2x.png"; sourceTree = "<group>"; };
		D99826FA16977500008828A9 /* en */ = {isa = PBXFileReference; lastKnownFileType = text.plist.strings; name = en; path = en.lproj/Localizable.strings; sourceTree = "<group>"; };
		D99826FC1697750E008828A9 /* es */ = {isa = PBXFileReference; lastKnownFileType = text.plist.strings; name = es; path = es.lproj/InfoPlist.strings; sourceTree = "<group>"; };
		D99826FD1697750E008828A9 /* es */ = {isa = PBXFileReference; lastKnownFileType = text.plist.strings; name = es; path = es.lproj/Localizable.strings; sourceTree = "<group>"; };
		D998272916977FA5008828A9 /* OWAboutViewController.h */ = {isa = PBXFileReference; fileEncoding = 4; lastKnownFileType = sourcecode.c.h; path = OWAboutViewController.h; sourceTree = "<group>"; };
		D998272A16977FA5008828A9 /* OWAboutViewController.m */ = {isa = PBXFileReference; fileEncoding = 4; lastKnownFileType = sourcecode.c.objc; path = OWAboutViewController.m; sourceTree = "<group>"; };
		D998273016978516008828A9 /* about_icon.png */ = {isa = PBXFileReference; lastKnownFileType = image.png; path = about_icon.png; sourceTree = "<group>"; };
		D998273116978516008828A9 /* about_icon@2x.png */ = {isa = PBXFileReference; lastKnownFileType = image.png; path = "about_icon@2x.png"; sourceTree = "<group>"; };
		D998277B169787C9008828A9 /* OWACLUClient.h */ = {isa = PBXFileReference; fileEncoding = 4; lastKnownFileType = sourcecode.c.h; path = OWACLUClient.h; sourceTree = "<group>"; };
		D998277C169787C9008828A9 /* OWACLUClient.m */ = {isa = PBXFileReference; fileEncoding = 4; lastKnownFileType = sourcecode.c.objc; path = OWACLUClient.m; sourceTree = "<group>"; };
		D99827A816978AA5008828A9 /* SystemConfiguration.framework */ = {isa = PBXFileReference; lastKnownFileType = wrapper.framework; name = SystemConfiguration.framework; path = System/Library/Frameworks/SystemConfiguration.framework; sourceTree = SDKROOT; };
		D99827AA16978AA9008828A9 /* MobileCoreServices.framework */ = {isa = PBXFileReference; lastKnownFileType = wrapper.framework; name = MobileCoreServices.framework; path = System/Library/Frameworks/MobileCoreServices.framework; sourceTree = SDKROOT; };
		D99827AC16979C1E008828A9 /* openwatch.png */ = {isa = PBXFileReference; lastKnownFileType = image.png; path = openwatch.png; sourceTree = "<group>"; };
		D99827AD16979C1E008828A9 /* openwatch@2x.png */ = {isa = PBXFileReference; lastKnownFileType = image.png; path = "openwatch@2x.png"; sourceTree = "<group>"; };
		D99827D01697BCA8008828A9 /* list.png */ = {isa = PBXFileReference; lastKnownFileType = image.png; path = list.png; sourceTree = "<group>"; };
		D99827D11697BCA8008828A9 /* list@2x.png */ = {isa = PBXFileReference; lastKnownFileType = image.png; path = "list@2x.png"; sourceTree = "<group>"; };
		D9AF4B95169B4CDC00469DB7 /* OWSegmentedRightsViewController.h */ = {isa = PBXFileReference; fileEncoding = 4; lastKnownFileType = sourcecode.c.h; path = OWSegmentedRightsViewController.h; sourceTree = "<group>"; };
		D9AF4B96169B4CDC00469DB7 /* OWSegmentedRightsViewController.m */ = {isa = PBXFileReference; fileEncoding = 4; lastKnownFileType = sourcecode.c.objc; path = OWSegmentedRightsViewController.m; sourceTree = "<group>"; };
		D9AF4B98169B526A00469DB7 /* OWRightsView.h */ = {isa = PBXFileReference; fileEncoding = 4; lastKnownFileType = sourcecode.c.h; path = OWRightsView.h; sourceTree = "<group>"; };
		D9AF4B99169B526A00469DB7 /* OWRightsView.m */ = {isa = PBXFileReference; fileEncoding = 4; lastKnownFileType = sourcecode.c.objc; path = OWRightsView.m; sourceTree = "<group>"; };
		D9AF4BB2169B818E00469DB7 /* driving.png */ = {isa = PBXFileReference; lastKnownFileType = image.png; path = driving.png; sourceTree = "<group>"; };
		D9AF4BB3169B818E00469DB7 /* home.png */ = {isa = PBXFileReference; lastKnownFileType = image.png; path = home.png; sourceTree = "<group>"; };
		D9AF4BB4169B818E00469DB7 /* jail.png */ = {isa = PBXFileReference; lastKnownFileType = image.png; path = jail.png; sourceTree = "<group>"; };
		D9AF4BB5169B818E00469DB7 /* stickman.png */ = {isa = PBXFileReference; lastKnownFileType = image.png; path = stickman.png; sourceTree = "<group>"; };
		D9AF4BB6169B818E00469DB7 /* street.png */ = {isa = PBXFileReference; lastKnownFileType = image.png; path = street.png; sourceTree = "<group>"; };
		D9AF4BB8169B818E00469DB7 /* driving@2x.png */ = {isa = PBXFileReference; lastKnownFileType = image.png; path = "driving@2x.png"; sourceTree = "<group>"; };
		D9AF4BB9169B818E00469DB7 /* home@2x.png */ = {isa = PBXFileReference; lastKnownFileType = image.png; path = "home@2x.png"; sourceTree = "<group>"; };
		D9AF4BBA169B818E00469DB7 /* jail@2x.png */ = {isa = PBXFileReference; lastKnownFileType = image.png; path = "jail@2x.png"; sourceTree = "<group>"; };
		D9AF4BBB169B818E00469DB7 /* stickman@2x.png */ = {isa = PBXFileReference; lastKnownFileType = image.png; path = "stickman@2x.png"; sourceTree = "<group>"; };
		D9AF4BBC169B818E00469DB7 /* street@2x.png */ = {isa = PBXFileReference; lastKnownFileType = image.png; path = "street@2x.png"; sourceTree = "<group>"; };
		D9AF4BC7169B885F00469DB7 /* satinweave.png */ = {isa = PBXFileReference; lastKnownFileType = image.png; path = satinweave.png; sourceTree = "<group>"; };
		D9AF4BC8169B885F00469DB7 /* satinweave@2x.png */ = {isa = PBXFileReference; lastKnownFileType = image.png; path = "satinweave@2x.png"; sourceTree = "<group>"; };
		D9AF4BCB169B8B5F00469DB7 /* 75-phone.png */ = {isa = PBXFileReference; lastKnownFileType = image.png; path = "75-phone.png"; sourceTree = "<group>"; };
		D9AF4BCC169B8B5F00469DB7 /* 75-phone@2x.png */ = {isa = PBXFileReference; lastKnownFileType = image.png; path = "75-phone@2x.png"; sourceTree = "<group>"; };
		D9AF4BD0169B961A00469DB7 /* AFHTTPClient.h */ = {isa = PBXFileReference; fileEncoding = 4; lastKnownFileType = sourcecode.c.h; path = AFHTTPClient.h; sourceTree = "<group>"; };
		D9AF4BD1169B961A00469DB7 /* AFHTTPClient.m */ = {isa = PBXFileReference; fileEncoding = 4; lastKnownFileType = sourcecode.c.objc; path = AFHTTPClient.m; sourceTree = "<group>"; };
		D9AF4BD2169B961A00469DB7 /* AFHTTPRequestOperation.h */ = {isa = PBXFileReference; fileEncoding = 4; lastKnownFileType = sourcecode.c.h; path = AFHTTPRequestOperation.h; sourceTree = "<group>"; };
		D9AF4BD3169B961A00469DB7 /* AFHTTPRequestOperation.m */ = {isa = PBXFileReference; fileEncoding = 4; lastKnownFileType = sourcecode.c.objc; path = AFHTTPRequestOperation.m; sourceTree = "<group>"; };
		D9AF4BD4169B961A00469DB7 /* AFImageRequestOperation.h */ = {isa = PBXFileReference; fileEncoding = 4; lastKnownFileType = sourcecode.c.h; path = AFImageRequestOperation.h; sourceTree = "<group>"; };
		D9AF4BD5169B961A00469DB7 /* AFImageRequestOperation.m */ = {isa = PBXFileReference; fileEncoding = 4; lastKnownFileType = sourcecode.c.objc; path = AFImageRequestOperation.m; sourceTree = "<group>"; };
		D9AF4BD6169B961A00469DB7 /* AFJSONRequestOperation.h */ = {isa = PBXFileReference; fileEncoding = 4; lastKnownFileType = sourcecode.c.h; path = AFJSONRequestOperation.h; sourceTree = "<group>"; };
		D9AF4BD7169B961A00469DB7 /* AFJSONRequestOperation.m */ = {isa = PBXFileReference; fileEncoding = 4; lastKnownFileType = sourcecode.c.objc; path = AFJSONRequestOperation.m; sourceTree = "<group>"; };
		D9AF4BD8169B961A00469DB7 /* AFNetworkActivityIndicatorManager.h */ = {isa = PBXFileReference; fileEncoding = 4; lastKnownFileType = sourcecode.c.h; path = AFNetworkActivityIndicatorManager.h; sourceTree = "<group>"; };
		D9AF4BD9169B961A00469DB7 /* AFNetworkActivityIndicatorManager.m */ = {isa = PBXFileReference; fileEncoding = 4; lastKnownFileType = sourcecode.c.objc; path = AFNetworkActivityIndicatorManager.m; sourceTree = "<group>"; };
		D9AF4BDA169B961A00469DB7 /* AFNetworking.h */ = {isa = PBXFileReference; fileEncoding = 4; lastKnownFileType = sourcecode.c.h; path = AFNetworking.h; sourceTree = "<group>"; };
		D9AF4BDB169B961A00469DB7 /* AFPropertyListRequestOperation.h */ = {isa = PBXFileReference; fileEncoding = 4; lastKnownFileType = sourcecode.c.h; path = AFPropertyListRequestOperation.h; sourceTree = "<group>"; };
		D9AF4BDC169B961A00469DB7 /* AFPropertyListRequestOperation.m */ = {isa = PBXFileReference; fileEncoding = 4; lastKnownFileType = sourcecode.c.objc; path = AFPropertyListRequestOperation.m; sourceTree = "<group>"; };
		D9AF4BDD169B961A00469DB7 /* AFURLConnectionOperation.h */ = {isa = PBXFileReference; fileEncoding = 4; lastKnownFileType = sourcecode.c.h; path = AFURLConnectionOperation.h; sourceTree = "<group>"; };
		D9AF4BDE169B961A00469DB7 /* AFURLConnectionOperation.m */ = {isa = PBXFileReference; fileEncoding = 4; lastKnownFileType = sourcecode.c.objc; path = AFURLConnectionOperation.m; sourceTree = "<group>"; };
		D9AF4BDF169B961A00469DB7 /* AFXMLRequestOperation.h */ = {isa = PBXFileReference; fileEncoding = 4; lastKnownFileType = sourcecode.c.h; path = AFXMLRequestOperation.h; sourceTree = "<group>"; };
		D9AF4BE0169B961A00469DB7 /* AFXMLRequestOperation.m */ = {isa = PBXFileReference; fileEncoding = 4; lastKnownFileType = sourcecode.c.objc; path = AFXMLRequestOperation.m; sourceTree = "<group>"; };
		D9AF4BE1169B961A00469DB7 /* UIImageView+AFNetworking.h */ = {isa = PBXFileReference; fileEncoding = 4; lastKnownFileType = sourcecode.c.h; path = "UIImageView+AFNetworking.h"; sourceTree = "<group>"; };
		D9AF4BE2169B961A00469DB7 /* UIImageView+AFNetworking.m */ = {isa = PBXFileReference; fileEncoding = 4; lastKnownFileType = sourcecode.c.objc; path = "UIImageView+AFNetworking.m"; sourceTree = "<group>"; };
		D9AF4BEF169B962900469DB7 /* MagicalImportFunctions.h */ = {isa = PBXFileReference; fileEncoding = 4; lastKnownFileType = sourcecode.c.h; path = MagicalImportFunctions.h; sourceTree = "<group>"; };
		D9AF4BF0169B962900469DB7 /* MagicalImportFunctions.m */ = {isa = PBXFileReference; fileEncoding = 4; lastKnownFileType = sourcecode.c.objc; path = MagicalImportFunctions.m; sourceTree = "<group>"; };
		D9AF4BF1169B962900469DB7 /* NSAttributeDescription+MagicalDataImport.h */ = {isa = PBXFileReference; fileEncoding = 4; lastKnownFileType = sourcecode.c.h; path = "NSAttributeDescription+MagicalDataImport.h"; sourceTree = "<group>"; };
		D9AF4BF2169B962900469DB7 /* NSAttributeDescription+MagicalDataImport.m */ = {isa = PBXFileReference; fileEncoding = 4; lastKnownFileType = sourcecode.c.objc; path = "NSAttributeDescription+MagicalDataImport.m"; sourceTree = "<group>"; };
		D9AF4BF3169B962900469DB7 /* NSEntityDescription+MagicalDataImport.h */ = {isa = PBXFileReference; fileEncoding = 4; lastKnownFileType = sourcecode.c.h; path = "NSEntityDescription+MagicalDataImport.h"; sourceTree = "<group>"; };
		D9AF4BF4169B962900469DB7 /* NSEntityDescription+MagicalDataImport.m */ = {isa = PBXFileReference; fileEncoding = 4; lastKnownFileType = sourcecode.c.objc; path = "NSEntityDescription+MagicalDataImport.m"; sourceTree = "<group>"; };
		D9AF4BF5169B962900469DB7 /* NSNumber+MagicalDataImport.h */ = {isa = PBXFileReference; fileEncoding = 4; lastKnownFileType = sourcecode.c.h; path = "NSNumber+MagicalDataImport.h"; sourceTree = "<group>"; };
		D9AF4BF6169B962900469DB7 /* NSNumber+MagicalDataImport.m */ = {isa = PBXFileReference; fileEncoding = 4; lastKnownFileType = sourcecode.c.objc; path = "NSNumber+MagicalDataImport.m"; sourceTree = "<group>"; };
		D9AF4BF7169B962900469DB7 /* NSObject+MagicalDataImport.h */ = {isa = PBXFileReference; fileEncoding = 4; lastKnownFileType = sourcecode.c.h; path = "NSObject+MagicalDataImport.h"; sourceTree = "<group>"; };
		D9AF4BF8169B962900469DB7 /* NSObject+MagicalDataImport.m */ = {isa = PBXFileReference; fileEncoding = 4; lastKnownFileType = sourcecode.c.objc; path = "NSObject+MagicalDataImport.m"; sourceTree = "<group>"; };
		D9AF4BF9169B962900469DB7 /* NSRelationshipDescription+MagicalDataImport.h */ = {isa = PBXFileReference; fileEncoding = 4; lastKnownFileType = sourcecode.c.h; path = "NSRelationshipDescription+MagicalDataImport.h"; sourceTree = "<group>"; };
		D9AF4BFA169B962900469DB7 /* NSRelationshipDescription+MagicalDataImport.m */ = {isa = PBXFileReference; fileEncoding = 4; lastKnownFileType = sourcecode.c.objc; path = "NSRelationshipDescription+MagicalDataImport.m"; sourceTree = "<group>"; };
		D9AF4BFB169B962900469DB7 /* NSString+MagicalDataImport.h */ = {isa = PBXFileReference; fileEncoding = 4; lastKnownFileType = sourcecode.c.h; path = "NSString+MagicalDataImport.h"; sourceTree = "<group>"; };
		D9AF4BFC169B962900469DB7 /* NSString+MagicalDataImport.m */ = {isa = PBXFileReference; fileEncoding = 4; lastKnownFileType = sourcecode.c.objc; path = "NSString+MagicalDataImport.m"; sourceTree = "<group>"; };
		D9AF4BFE169B962900469DB7 /* NSManagedObject+MagicalAggregation.h */ = {isa = PBXFileReference; fileEncoding = 4; lastKnownFileType = sourcecode.c.h; path = "NSManagedObject+MagicalAggregation.h"; sourceTree = "<group>"; };
		D9AF4BFF169B962900469DB7 /* NSManagedObject+MagicalAggregation.m */ = {isa = PBXFileReference; fileEncoding = 4; lastKnownFileType = sourcecode.c.objc; path = "NSManagedObject+MagicalAggregation.m"; sourceTree = "<group>"; };
		D9AF4C00169B962900469DB7 /* NSManagedObject+MagicalDataImport.h */ = {isa = PBXFileReference; fileEncoding = 4; lastKnownFileType = sourcecode.c.h; path = "NSManagedObject+MagicalDataImport.h"; sourceTree = "<group>"; };
		D9AF4C01169B962900469DB7 /* NSManagedObject+MagicalDataImport.m */ = {isa = PBXFileReference; fileEncoding = 4; lastKnownFileType = sourcecode.c.objc; path = "NSManagedObject+MagicalDataImport.m"; sourceTree = "<group>"; };
		D9AF4C02169B962900469DB7 /* NSManagedObject+MagicalFinders.h */ = {isa = PBXFileReference; fileEncoding = 4; lastKnownFileType = sourcecode.c.h; path = "NSManagedObject+MagicalFinders.h"; sourceTree = "<group>"; };
		D9AF4C03169B962900469DB7 /* NSManagedObject+MagicalFinders.m */ = {isa = PBXFileReference; fileEncoding = 4; lastKnownFileType = sourcecode.c.objc; path = "NSManagedObject+MagicalFinders.m"; sourceTree = "<group>"; };
		D9AF4C04169B962900469DB7 /* NSManagedObject+MagicalRecord.h */ = {isa = PBXFileReference; fileEncoding = 4; lastKnownFileType = sourcecode.c.h; path = "NSManagedObject+MagicalRecord.h"; sourceTree = "<group>"; };
		D9AF4C05169B962900469DB7 /* NSManagedObject+MagicalRecord.m */ = {isa = PBXFileReference; fileEncoding = 4; lastKnownFileType = sourcecode.c.objc; path = "NSManagedObject+MagicalRecord.m"; sourceTree = "<group>"; };
		D9AF4C06169B962900469DB7 /* NSManagedObject+MagicalRequests.h */ = {isa = PBXFileReference; fileEncoding = 4; lastKnownFileType = sourcecode.c.h; path = "NSManagedObject+MagicalRequests.h"; sourceTree = "<group>"; };
		D9AF4C07169B962900469DB7 /* NSManagedObject+MagicalRequests.m */ = {isa = PBXFileReference; fileEncoding = 4; lastKnownFileType = sourcecode.c.objc; path = "NSManagedObject+MagicalRequests.m"; sourceTree = "<group>"; };
		D9AF4C09169B962900469DB7 /* NSManagedObjectContext+MagicalObserving.h */ = {isa = PBXFileReference; fileEncoding = 4; lastKnownFileType = sourcecode.c.h; path = "NSManagedObjectContext+MagicalObserving.h"; sourceTree = "<group>"; };
		D9AF4C0A169B962900469DB7 /* NSManagedObjectContext+MagicalObserving.m */ = {isa = PBXFileReference; fileEncoding = 4; lastKnownFileType = sourcecode.c.objc; path = "NSManagedObjectContext+MagicalObserving.m"; sourceTree = "<group>"; };
		D9AF4C0B169B962900469DB7 /* NSManagedObjectContext+MagicalRecord.h */ = {isa = PBXFileReference; fileEncoding = 4; lastKnownFileType = sourcecode.c.h; path = "NSManagedObjectContext+MagicalRecord.h"; sourceTree = "<group>"; };
		D9AF4C0C169B962900469DB7 /* NSManagedObjectContext+MagicalRecord.m */ = {isa = PBXFileReference; fileEncoding = 4; lastKnownFileType = sourcecode.c.objc; path = "NSManagedObjectContext+MagicalRecord.m"; sourceTree = "<group>"; };
		D9AF4C0D169B962900469DB7 /* NSManagedObjectContext+MagicalSaves.h */ = {isa = PBXFileReference; fileEncoding = 4; lastKnownFileType = sourcecode.c.h; path = "NSManagedObjectContext+MagicalSaves.h"; sourceTree = "<group>"; };
		D9AF4C0E169B962900469DB7 /* NSManagedObjectContext+MagicalSaves.m */ = {isa = PBXFileReference; fileEncoding = 4; lastKnownFileType = sourcecode.c.objc; path = "NSManagedObjectContext+MagicalSaves.m"; sourceTree = "<group>"; };
		D9AF4C0F169B962900469DB7 /* NSManagedObjectContext+MagicalThreading.h */ = {isa = PBXFileReference; fileEncoding = 4; lastKnownFileType = sourcecode.c.h; path = "NSManagedObjectContext+MagicalThreading.h"; sourceTree = "<group>"; };
		D9AF4C10169B962900469DB7 /* NSManagedObjectContext+MagicalThreading.m */ = {isa = PBXFileReference; fileEncoding = 4; lastKnownFileType = sourcecode.c.objc; path = "NSManagedObjectContext+MagicalThreading.m"; sourceTree = "<group>"; };
		D9AF4C11169B962900469DB7 /* NSManagedObjectModel+MagicalRecord.h */ = {isa = PBXFileReference; fileEncoding = 4; lastKnownFileType = sourcecode.c.h; path = "NSManagedObjectModel+MagicalRecord.h"; sourceTree = "<group>"; };
		D9AF4C12169B962900469DB7 /* NSManagedObjectModel+MagicalRecord.m */ = {isa = PBXFileReference; fileEncoding = 4; lastKnownFileType = sourcecode.c.objc; path = "NSManagedObjectModel+MagicalRecord.m"; sourceTree = "<group>"; };
		D9AF4C13169B962900469DB7 /* NSPersistentStore+MagicalRecord.h */ = {isa = PBXFileReference; fileEncoding = 4; lastKnownFileType = sourcecode.c.h; path = "NSPersistentStore+MagicalRecord.h"; sourceTree = "<group>"; };
		D9AF4C14169B962900469DB7 /* NSPersistentStore+MagicalRecord.m */ = {isa = PBXFileReference; fileEncoding = 4; lastKnownFileType = sourcecode.c.objc; path = "NSPersistentStore+MagicalRecord.m"; sourceTree = "<group>"; };
		D9AF4C15169B962900469DB7 /* NSPersistentStoreCoordinator+MagicalRecord.h */ = {isa = PBXFileReference; fileEncoding = 4; lastKnownFileType = sourcecode.c.h; path = "NSPersistentStoreCoordinator+MagicalRecord.h"; sourceTree = "<group>"; };
		D9AF4C16169B962900469DB7 /* NSPersistentStoreCoordinator+MagicalRecord.m */ = {isa = PBXFileReference; fileEncoding = 4; lastKnownFileType = sourcecode.c.objc; path = "NSPersistentStoreCoordinator+MagicalRecord.m"; sourceTree = "<group>"; };
		D9AF4C18169B962900469DB7 /* MagicalRecord+Actions.h */ = {isa = PBXFileReference; fileEncoding = 4; lastKnownFileType = sourcecode.c.h; path = "MagicalRecord+Actions.h"; sourceTree = "<group>"; };
		D9AF4C19169B962900469DB7 /* MagicalRecord+Actions.m */ = {isa = PBXFileReference; fileEncoding = 4; lastKnownFileType = sourcecode.c.objc; path = "MagicalRecord+Actions.m"; sourceTree = "<group>"; };
		D9AF4C1A169B962900469DB7 /* MagicalRecord+ErrorHandling.h */ = {isa = PBXFileReference; fileEncoding = 4; lastKnownFileType = sourcecode.c.h; path = "MagicalRecord+ErrorHandling.h"; sourceTree = "<group>"; };
		D9AF4C1B169B962900469DB7 /* MagicalRecord+ErrorHandling.m */ = {isa = PBXFileReference; fileEncoding = 4; lastKnownFileType = sourcecode.c.objc; path = "MagicalRecord+ErrorHandling.m"; sourceTree = "<group>"; };
		D9AF4C1C169B962900469DB7 /* MagicalRecord+iCloud.h */ = {isa = PBXFileReference; fileEncoding = 4; lastKnownFileType = sourcecode.c.h; path = "MagicalRecord+iCloud.h"; sourceTree = "<group>"; };
		D9AF4C1D169B962900469DB7 /* MagicalRecord+iCloud.m */ = {isa = PBXFileReference; fileEncoding = 4; lastKnownFileType = sourcecode.c.objc; path = "MagicalRecord+iCloud.m"; sourceTree = "<group>"; };
		D9AF4C1E169B962900469DB7 /* MagicalRecord+Options.h */ = {isa = PBXFileReference; fileEncoding = 4; lastKnownFileType = sourcecode.c.h; path = "MagicalRecord+Options.h"; sourceTree = "<group>"; };
		D9AF4C1F169B962900469DB7 /* MagicalRecord+Options.m */ = {isa = PBXFileReference; fileEncoding = 4; lastKnownFileType = sourcecode.c.objc; path = "MagicalRecord+Options.m"; sourceTree = "<group>"; };
		D9AF4C20169B962900469DB7 /* MagicalRecord+Setup.h */ = {isa = PBXFileReference; fileEncoding = 4; lastKnownFileType = sourcecode.c.h; path = "MagicalRecord+Setup.h"; sourceTree = "<group>"; };
		D9AF4C21169B962900469DB7 /* MagicalRecord+Setup.m */ = {isa = PBXFileReference; fileEncoding = 4; lastKnownFileType = sourcecode.c.objc; path = "MagicalRecord+Setup.m"; sourceTree = "<group>"; };
		D9AF4C22169B962900469DB7 /* MagicalRecord+ShorthandSupport.h */ = {isa = PBXFileReference; fileEncoding = 4; lastKnownFileType = sourcecode.c.h; path = "MagicalRecord+ShorthandSupport.h"; sourceTree = "<group>"; };
		D9AF4C23169B962900469DB7 /* MagicalRecord+ShorthandSupport.m */ = {isa = PBXFileReference; fileEncoding = 4; lastKnownFileType = sourcecode.c.objc; path = "MagicalRecord+ShorthandSupport.m"; sourceTree = "<group>"; };
		D9AF4C24169B962900469DB7 /* MagicalRecord.h */ = {isa = PBXFileReference; fileEncoding = 4; lastKnownFileType = sourcecode.c.h; path = MagicalRecord.h; sourceTree = "<group>"; };
		D9AF4C25169B962900469DB7 /* MagicalRecord.m */ = {isa = PBXFileReference; fileEncoding = 4; lastKnownFileType = sourcecode.c.objc; path = MagicalRecord.m; sourceTree = "<group>"; };
		D9AF4C26169B962900469DB7 /* MagicalRecordShorthand.h */ = {isa = PBXFileReference; fileEncoding = 4; lastKnownFileType = sourcecode.c.h; path = MagicalRecordShorthand.h; sourceTree = "<group>"; };
		D9AF4C27169B962900469DB7 /* CoreData+MagicalRecord.h */ = {isa = PBXFileReference; fileEncoding = 4; lastKnownFileType = sourcecode.c.h; path = "CoreData+MagicalRecord.h"; sourceTree = "<group>"; };
		D9AF4C42169B963A00469DB7 /* QuickDialog.xcodeproj */ = {isa = PBXFileReference; lastKnownFileType = "wrapper.pb-project"; name = QuickDialog.xcodeproj; path = Submodules/QuickDialog/QuickDialog.xcodeproj; sourceTree = "<group>"; };
		D9AF4C54169B965700469DB7 /* libTestFlight.a */ = {isa = PBXFileReference; lastKnownFileType = archive.ar; path = libTestFlight.a; sourceTree = "<group>"; };
		D9AF4C57169B965700469DB7 /* TestFlight.h */ = {isa = PBXFileReference; fileEncoding = 4; lastKnownFileType = sourcecode.c.h; path = TestFlight.h; sourceTree = "<group>"; };
		D9AF4C5E169B99C800469DB7 /* JSONKit.h */ = {isa = PBXFileReference; fileEncoding = 4; lastKnownFileType = sourcecode.c.h; path = JSONKit.h; sourceTree = "<group>"; };
		D9AF4C5F169B99C800469DB7 /* JSONKit.m */ = {isa = PBXFileReference; fileEncoding = 4; lastKnownFileType = sourcecode.c.objc; path = JSONKit.m; sourceTree = "<group>"; };
		D9CA9CA816975C2D0068D336 /* OWAPIKeys.h */ = {isa = PBXFileReference; fileEncoding = 4; lastKnownFileType = sourcecode.c.h; path = OWAPIKeys.h; sourceTree = "<group>"; };
		D9CA9CD3169760080068D336 /* libz.dylib */ = {isa = PBXFileReference; lastKnownFileType = "compiled.mach-o.dylib"; name = libz.dylib; path = usr/lib/libz.dylib; sourceTree = SDKROOT; };
		D9F6B9B0168CDDE10095D4FA /* OWACLUAZHomeViewController.m */ = {isa = PBXFileReference; fileEncoding = 4; lastKnownFileType = sourcecode.c.objc; path = OWACLUAZHomeViewController.m; sourceTree = "<group>"; };
		D9F6B9B3168CDEE00095D4FA /* OWACLUAZStrings.h */ = {isa = PBXFileReference; lastKnownFileType = sourcecode.c.h; path = OWACLUAZStrings.h; sourceTree = "<group>"; };
		D9F6B9B4168CE0B00095D4FA /* OWReportViewController.h */ = {isa = PBXFileReference; fileEncoding = 4; lastKnownFileType = sourcecode.c.h; path = OWReportViewController.h; sourceTree = "<group>"; };
		D9F6B9B5168CE0B00095D4FA /* OWReportViewController.m */ = {isa = PBXFileReference; fileEncoding = 4; lastKnownFileType = sourcecode.c.objc; path = OWReportViewController.m; sourceTree = "<group>"; };
		D9FBAE421694E55B00F70E2C /* OWUserInfoController.h */ = {isa = PBXFileReference; fileEncoding = 4; lastKnownFileType = sourcecode.c.h; path = OWUserInfoController.h; sourceTree = "<group>"; };
		D9FBAE431694E55B00F70E2C /* OWUserInfoController.m */ = {isa = PBXFileReference; fileEncoding = 4; lastKnownFileType = sourcecode.c.objc; path = OWUserInfoController.m; sourceTree = "<group>"; };
		D9FBAE461694EADC00F70E2C /* Model.xcdatamodel */ = {isa = PBXFileReference; lastKnownFileType = wrapper.xcdatamodel; path = Model.xcdatamodel; sourceTree = "<group>"; };
		D9FBAE4B1694EC4700F70E2C /* OWReport.h */ = {isa = PBXFileReference; fileEncoding = 4; lastKnownFileType = sourcecode.c.h; path = OWReport.h; sourceTree = "<group>"; };
		D9FBAE4C1694EC4700F70E2C /* OWReport.m */ = {isa = PBXFileReference; fileEncoding = 4; lastKnownFileType = sourcecode.c.objc; path = OWReport.m; sourceTree = "<group>"; };
		D9FBAEAA1694F21700F70E2C /* CoreData.framework */ = {isa = PBXFileReference; lastKnownFileType = wrapper.framework; name = CoreData.framework; path = System/Library/Frameworks/CoreData.framework; sourceTree = SDKROOT; };
		D9FBAED61695203900F70E2C /* OWReportListViewController.h */ = {isa = PBXFileReference; fileEncoding = 4; lastKnownFileType = sourcecode.c.h; path = OWReportListViewController.h; sourceTree = "<group>"; };
		D9FBAED71695203900F70E2C /* OWReportListViewController.m */ = {isa = PBXFileReference; fileEncoding = 4; lastKnownFileType = sourcecode.c.objc; path = OWReportListViewController.m; sourceTree = "<group>"; };
/* End PBXFileReference section */

/* Begin PBXFrameworksBuildPhase section */
		D903ADAE168CD3F2003D8A23 /* Frameworks */ = {
			isa = PBXFrameworksBuildPhase;
			buildActionMask = 2147483647;
			files = (
				D9AF4C51169B964A00469DB7 /* libQuickDialog.a in Frameworks */,
				D99827AB16978AA9008828A9 /* MobileCoreServices.framework in Frameworks */,
				D99827A916978AA5008828A9 /* SystemConfiguration.framework in Frameworks */,
				D9CA9CD4169760080068D336 /* libz.dylib in Frameworks */,
				D940DA50169653D800DE6DDE /* QuickLook.framework in Frameworks */,
				D9FBAEAB1694F21700F70E2C /* CoreData.framework in Frameworks */,
				D906964B1694BDD4006FEA8C /* MapKit.framework in Frameworks */,
				D90696491694BDCF006FEA8C /* CoreLocation.framework in Frameworks */,
				D903ADB6168CD3F2003D8A23 /* UIKit.framework in Frameworks */,
				D903ADB8168CD3F2003D8A23 /* Foundation.framework in Frameworks */,
				D903ADBA168CD3F2003D8A23 /* CoreGraphics.framework in Frameworks */,
				D9AF4C59169B965700469DB7 /* libTestFlight.a in Frameworks */,
			);
			runOnlyForDeploymentPostprocessing = 0;
		};
/* End PBXFrameworksBuildPhase section */

/* Begin PBXGroup section */
		D903ADA6168CD3F2003D8A23 = {
			isa = PBXGroup;
			children = (
				D903ADD5168CD79D003D8A23 /* Media */,
				D903ADBB168CD3F2003D8A23 /* ACLU AZ */,
				D903ADEB168CDCDD003D8A23 /* Submodules */,
				D903ADB4168CD3F2003D8A23 /* Frameworks */,
				D903ADB2168CD3F2003D8A23 /* Products */,
			);
			sourceTree = "<group>";
		};
		D903ADB2168CD3F2003D8A23 /* Products */ = {
			isa = PBXGroup;
			children = (
				D903ADB1168CD3F2003D8A23 /* Stop SB1070.app */,
			);
			name = Products;
			sourceTree = "<group>";
		};
		D903ADB4168CD3F2003D8A23 /* Frameworks */ = {
			isa = PBXGroup;
			children = (
				D99827AA16978AA9008828A9 /* MobileCoreServices.framework */,
				D99827A816978AA5008828A9 /* SystemConfiguration.framework */,
				D9CA9CD3169760080068D336 /* libz.dylib */,
				D940DA4F169653D800DE6DDE /* QuickLook.framework */,
				D9FBAEAA1694F21700F70E2C /* CoreData.framework */,
				D906964A1694BDD4006FEA8C /* MapKit.framework */,
				D90696481694BDCF006FEA8C /* CoreLocation.framework */,
				D903ADB5168CD3F2003D8A23 /* UIKit.framework */,
				D903ADB7168CD3F2003D8A23 /* Foundation.framework */,
				D903ADB9168CD3F2003D8A23 /* CoreGraphics.framework */,
			);
			name = Frameworks;
			sourceTree = "<group>";
		};
		D903ADBB168CD3F2003D8A23 /* ACLU AZ */ = {
			isa = PBXGroup;
			children = (
				D9FBAE451694EADC00F70E2C /* Model.xcdatamodeld */,
				D9CA9CA816975C2D0068D336 /* OWAPIKeys.h */,
				D9FBAE4B1694EC4700F70E2C /* OWReport.h */,
				D9FBAE4C1694EC4700F70E2C /* OWReport.m */,
				D903ADC4168CD3F2003D8A23 /* OWAppDelegate.h */,
				D903ADC5168CD3F2003D8A23 /* OWAppDelegate.m */,
				D9F6B9B3168CDEE00095D4FA /* OWACLUAZStrings.h */,
				D90696681694CED1006FEA8C /* OWACLUAZUtilities.h */,
				D90696691694CED1006FEA8C /* OWACLUAZUtilities.m */,
				D998277B169787C9008828A9 /* OWACLUClient.h */,
				D998277C169787C9008828A9 /* OWACLUClient.m */,
				D903ADD2168CD4CB003D8A23 /* OWACLUAZHomeViewController.h */,
				D9F6B9B0168CDDE10095D4FA /* OWACLUAZHomeViewController.m */,
				D998272916977FA5008828A9 /* OWAboutViewController.h */,
				D998272A16977FA5008828A9 /* OWAboutViewController.m */,
				D940DA511696565500DE6DDE /* OWPreviewItem.h */,
				D940DA521696565500DE6DDE /* OWPreviewItem.m */,
				D9AF4B95169B4CDC00469DB7 /* OWSegmentedRightsViewController.h */,
				D9AF4B96169B4CDC00469DB7 /* OWSegmentedRightsViewController.m */,
				D9AF4B98169B526A00469DB7 /* OWRightsView.h */,
				D9AF4B99169B526A00469DB7 /* OWRightsView.m */,
				D940DA3F169651C400DE6DDE /* OWRightsViewController.h */,
				D940DA40169651C400DE6DDE /* OWRightsViewController.m */,
				D906964D1694C074006FEA8C /* OWUserInfoViewController.h */,
				D906964E1694C074006FEA8C /* OWUserInfoViewController.m */,
				D9FBAE421694E55B00F70E2C /* OWUserInfoController.h */,
				D9FBAE431694E55B00F70E2C /* OWUserInfoController.m */,
				D9FBAED61695203900F70E2C /* OWReportListViewController.h */,
				D9FBAED71695203900F70E2C /* OWReportListViewController.m */,
				D9F6B9B4168CE0B00095D4FA /* OWReportViewController.h */,
				D9F6B9B5168CE0B00095D4FA /* OWReportViewController.m */,
				D903ADBC168CD3F2003D8A23 /* Supporting Files */,
			);
			path = "ACLU AZ";
			sourceTree = "<group>";
		};
		D903ADBC168CD3F2003D8A23 /* Supporting Files */ = {
			isa = PBXGroup;
			children = (
				D903ADBD168CD3F2003D8A23 /* ACLU AZ-Info.plist */,
				D903ADBE168CD3F2003D8A23 /* InfoPlist.strings */,
				D99826F916977500008828A9 /* Localizable.strings */,
				D903ADC1168CD3F2003D8A23 /* main.m */,
				D903ADC3168CD3F2003D8A23 /* ACLU AZ-Prefix.pch */,
				D903ADC7168CD3F2003D8A23 /* Default.png */,
				D903ADC9168CD3F2003D8A23 /* Default@2x.png */,
				D903ADCB168CD3F2003D8A23 /* Default-568h@2x.png */,
			);
			name = "Supporting Files";
			sourceTree = "<group>";
		};
		D903ADD5168CD79D003D8A23 /* Media */ = {
			isa = PBXGroup;
			children = (
				D9AF4BB0169B818E00469DB7 /* images */,
				D998273016978516008828A9 /* about_icon.png */,
				D998273116978516008828A9 /* about_icon@2x.png */,
				D99827AC16979C1E008828A9 /* openwatch.png */,
				D99827AD16979C1E008828A9 /* openwatch@2x.png */,
				D940DA561696651500DE6DDE /* logo@2x.png */,
				D940DA541696650E00DE6DDE /* logo.png */,
				D9AF4BC7169B885F00469DB7 /* satinweave.png */,
				D9AF4BC8169B885F00469DB7 /* satinweave@2x.png */,
				D940DA421696524100DE6DDE /* PDFs */,
				D94502B516963759003BEF5E /* buttons */,
				D94502AD16962E5F003BEF5E /* body_bg.png */,
				D94502AE16962E5F003BEF5E /* body_bg@2x.png */,
				D99827D01697BCA8008828A9 /* list.png */,
				D99827D11697BCA8008828A9 /* list@2x.png */,
				D903ADD7168CD79D003D8A23 /* aclu-logo.jpg */,
				D940DA3D1696408F00DE6DDE /* aclu-logo@2x.jpg */,
				D9AF4BCB169B8B5F00469DB7 /* 75-phone.png */,
				D9AF4BCC169B8B5F00469DB7 /* 75-phone@2x.png */,
			);
			path = Media;
			sourceTree = "<group>";
		};
		D903ADEB168CDCDD003D8A23 /* Submodules */ = {
			isa = PBXGroup;
			children = (
				D9AF4C5C169B99C800469DB7 /* JSONKit */,
				D9AF4C52169B965700469DB7 /* TestFlight */,
				D9AF4C42169B963A00469DB7 /* QuickDialog.xcodeproj */,
				D9AF4BEC169B962900469DB7 /* MagicalRecord */,
				D9AF4BCF169B961A00469DB7 /* AFNetworking */,
			);
			name = Submodules;
			sourceTree = "<group>";
		};
		D940DA421696524100DE6DDE /* PDFs */ = {
			isa = PBXGroup;
			children = (
				D940DA431696524100DE6DDE /* bust-english.pdf */,
				D940DA441696524100DE6DDE /* bust-spanish.pdf */,
				D940DA451696524100DE6DDE /* info-english.pdf */,
				D940DA461696524100DE6DDE /* info-spanish.pdf */,
				D940DA471696524100DE6DDE /* kyr-english.pdf */,
				D940DA481696524100DE6DDE /* kyr-spanish.pdf */,
			);
			path = PDFs;
			sourceTree = "<group>";
		};
		D94502B516963759003BEF5E /* buttons */ = {
			isa = PBXGroup;
			children = (
				D94502B616963759003BEF5E /* blackButton.png */,
				D94502B716963759003BEF5E /* blackButton@2x.png */,
				D94502B816963759003BEF5E /* blackButtonHighlight.png */,
				D94502B916963759003BEF5E /* blackButtonHighlight@2x.png */,
				D94502BA16963759003BEF5E /* blueButton.png */,
				D94502BB16963759003BEF5E /* blueButton@2x.png */,
				D94502BC16963759003BEF5E /* blueButtonHighlight.png */,
				D94502BD16963759003BEF5E /* blueButtonHighlight@2x.png */,
				D94502BE16963759003BEF5E /* greenButton.png */,
				D94502BF16963759003BEF5E /* greenButton@2x.png */,
				D94502C016963759003BEF5E /* greenButtonHighlight.png */,
				D94502C116963759003BEF5E /* greenButtonHighlight@2x.png */,
				D94502C216963759003BEF5E /* greyButton.png */,
				D94502C316963759003BEF5E /* greyButton@2x.png */,
				D94502C416963759003BEF5E /* greyButton@2xpng */,
				D94502C516963759003BEF5E /* greyButtonHighlight.png */,
				D94502C616963759003BEF5E /* greyButtonHighlight@2x.png */,
				D94502C716963759003BEF5E /* orangeButton.png */,
				D94502C816963759003BEF5E /* orangeButton@2x.png */,
				D94502C916963759003BEF5E /* orangeButtonHighlight.png */,
				D94502CA16963759003BEF5E /* orangeButtonHighlight@2x.png */,
				D94502CB16963759003BEF5E /* tanButton.png */,
				D94502CC16963759003BEF5E /* tanButton@2x.png */,
				D94502CD16963759003BEF5E /* tanButtonHighlight.png */,
				D94502CE16963759003BEF5E /* tanButtonHighlight@2x.png */,
				D94502CF16963759003BEF5E /* whiteButton.png */,
				D94502D016963759003BEF5E /* whiteButton@2x.png */,
				D94502D116963759003BEF5E /* whiteButtonHighlight.png */,
				D94502D216963759003BEF5E /* whiteButtonHighlight@2x.png */,
			);
			path = buttons;
			sourceTree = "<group>";
		};
		D9AF4BB0169B818E00469DB7 /* images */ = {
			isa = PBXGroup;
			children = (
				D9AF4BB1169B818E00469DB7 /* regular */,
				D9AF4BB7169B818E00469DB7 /* retina */,
			);
			name = images;
			path = PDFs/images;
			sourceTree = "<group>";
		};
		D9AF4BB1169B818E00469DB7 /* regular */ = {
			isa = PBXGroup;
			children = (
				D9AF4BB2169B818E00469DB7 /* driving.png */,
				D9AF4BB3169B818E00469DB7 /* home.png */,
				D9AF4BB4169B818E00469DB7 /* jail.png */,
				D9AF4BB5169B818E00469DB7 /* stickman.png */,
				D9AF4BB6169B818E00469DB7 /* street.png */,
			);
			path = regular;
			sourceTree = "<group>";
		};
		D9AF4BB7169B818E00469DB7 /* retina */ = {
			isa = PBXGroup;
			children = (
				D9AF4BB8169B818E00469DB7 /* driving@2x.png */,
				D9AF4BB9169B818E00469DB7 /* home@2x.png */,
				D9AF4BBA169B818E00469DB7 /* jail@2x.png */,
				D9AF4BBB169B818E00469DB7 /* stickman@2x.png */,
				D9AF4BBC169B818E00469DB7 /* street@2x.png */,
			);
			path = retina;
			sourceTree = "<group>";
		};
		D9AF4BCF169B961A00469DB7 /* AFNetworking */ = {
			isa = PBXGroup;
			children = (
				D9AF4BD0169B961A00469DB7 /* AFHTTPClient.h */,
				D9AF4BD1169B961A00469DB7 /* AFHTTPClient.m */,
				D9AF4BD2169B961A00469DB7 /* AFHTTPRequestOperation.h */,
				D9AF4BD3169B961A00469DB7 /* AFHTTPRequestOperation.m */,
				D9AF4BD4169B961A00469DB7 /* AFImageRequestOperation.h */,
				D9AF4BD5169B961A00469DB7 /* AFImageRequestOperation.m */,
				D9AF4BD6169B961A00469DB7 /* AFJSONRequestOperation.h */,
				D9AF4BD7169B961A00469DB7 /* AFJSONRequestOperation.m */,
				D9AF4BD8169B961A00469DB7 /* AFNetworkActivityIndicatorManager.h */,
				D9AF4BD9169B961A00469DB7 /* AFNetworkActivityIndicatorManager.m */,
				D9AF4BDA169B961A00469DB7 /* AFNetworking.h */,
				D9AF4BDB169B961A00469DB7 /* AFPropertyListRequestOperation.h */,
				D9AF4BDC169B961A00469DB7 /* AFPropertyListRequestOperation.m */,
				D9AF4BDD169B961A00469DB7 /* AFURLConnectionOperation.h */,
				D9AF4BDE169B961A00469DB7 /* AFURLConnectionOperation.m */,
				D9AF4BDF169B961A00469DB7 /* AFXMLRequestOperation.h */,
				D9AF4BE0169B961A00469DB7 /* AFXMLRequestOperation.m */,
				D9AF4BE1169B961A00469DB7 /* UIImageView+AFNetworking.h */,
				D9AF4BE2169B961A00469DB7 /* UIImageView+AFNetworking.m */,
			);
			name = AFNetworking;
			path = Submodules/AFNetworking/AFNetworking;
			sourceTree = "<group>";
		};
		D9AF4BEC169B962900469DB7 /* MagicalRecord */ = {
			isa = PBXGroup;
			children = (
				D9AF4BED169B962900469DB7 /* Categories */,
				D9AF4C17169B962900469DB7 /* Core */,
				D9AF4C27169B962900469DB7 /* CoreData+MagicalRecord.h */,
			);
			name = MagicalRecord;
			path = Submodules/MagicalRecord/MagicalRecord;
			sourceTree = "<group>";
		};
		D9AF4BED169B962900469DB7 /* Categories */ = {
			isa = PBXGroup;
			children = (
				D9AF4BEE169B962900469DB7 /* DataImport */,
				D9AF4BFD169B962900469DB7 /* NSManagedObject */,
				D9AF4C08169B962900469DB7 /* NSManagedObjectContext */,
				D9AF4C11169B962900469DB7 /* NSManagedObjectModel+MagicalRecord.h */,
				D9AF4C12169B962900469DB7 /* NSManagedObjectModel+MagicalRecord.m */,
				D9AF4C13169B962900469DB7 /* NSPersistentStore+MagicalRecord.h */,
				D9AF4C14169B962900469DB7 /* NSPersistentStore+MagicalRecord.m */,
				D9AF4C15169B962900469DB7 /* NSPersistentStoreCoordinator+MagicalRecord.h */,
				D9AF4C16169B962900469DB7 /* NSPersistentStoreCoordinator+MagicalRecord.m */,
			);
			path = Categories;
			sourceTree = "<group>";
		};
		D9AF4BEE169B962900469DB7 /* DataImport */ = {
			isa = PBXGroup;
			children = (
				D9AF4BEF169B962900469DB7 /* MagicalImportFunctions.h */,
				D9AF4BF0169B962900469DB7 /* MagicalImportFunctions.m */,
				D9AF4BF1169B962900469DB7 /* NSAttributeDescription+MagicalDataImport.h */,
				D9AF4BF2169B962900469DB7 /* NSAttributeDescription+MagicalDataImport.m */,
				D9AF4BF3169B962900469DB7 /* NSEntityDescription+MagicalDataImport.h */,
				D9AF4BF4169B962900469DB7 /* NSEntityDescription+MagicalDataImport.m */,
				D9AF4BF5169B962900469DB7 /* NSNumber+MagicalDataImport.h */,
				D9AF4BF6169B962900469DB7 /* NSNumber+MagicalDataImport.m */,
				D9AF4BF7169B962900469DB7 /* NSObject+MagicalDataImport.h */,
				D9AF4BF8169B962900469DB7 /* NSObject+MagicalDataImport.m */,
				D9AF4BF9169B962900469DB7 /* NSRelationshipDescription+MagicalDataImport.h */,
				D9AF4BFA169B962900469DB7 /* NSRelationshipDescription+MagicalDataImport.m */,
				D9AF4BFB169B962900469DB7 /* NSString+MagicalDataImport.h */,
				D9AF4BFC169B962900469DB7 /* NSString+MagicalDataImport.m */,
			);
			path = DataImport;
			sourceTree = "<group>";
		};
		D9AF4BFD169B962900469DB7 /* NSManagedObject */ = {
			isa = PBXGroup;
			children = (
				D9AF4BFE169B962900469DB7 /* NSManagedObject+MagicalAggregation.h */,
				D9AF4BFF169B962900469DB7 /* NSManagedObject+MagicalAggregation.m */,
				D9AF4C00169B962900469DB7 /* NSManagedObject+MagicalDataImport.h */,
				D9AF4C01169B962900469DB7 /* NSManagedObject+MagicalDataImport.m */,
				D9AF4C02169B962900469DB7 /* NSManagedObject+MagicalFinders.h */,
				D9AF4C03169B962900469DB7 /* NSManagedObject+MagicalFinders.m */,
				D9AF4C04169B962900469DB7 /* NSManagedObject+MagicalRecord.h */,
				D9AF4C05169B962900469DB7 /* NSManagedObject+MagicalRecord.m */,
				D9AF4C06169B962900469DB7 /* NSManagedObject+MagicalRequests.h */,
				D9AF4C07169B962900469DB7 /* NSManagedObject+MagicalRequests.m */,
			);
			path = NSManagedObject;
			sourceTree = "<group>";
		};
		D9AF4C08169B962900469DB7 /* NSManagedObjectContext */ = {
			isa = PBXGroup;
			children = (
				D9AF4C09169B962900469DB7 /* NSManagedObjectContext+MagicalObserving.h */,
				D9AF4C0A169B962900469DB7 /* NSManagedObjectContext+MagicalObserving.m */,
				D9AF4C0B169B962900469DB7 /* NSManagedObjectContext+MagicalRecord.h */,
				D9AF4C0C169B962900469DB7 /* NSManagedObjectContext+MagicalRecord.m */,
				D9AF4C0D169B962900469DB7 /* NSManagedObjectContext+MagicalSaves.h */,
				D9AF4C0E169B962900469DB7 /* NSManagedObjectContext+MagicalSaves.m */,
				D9AF4C0F169B962900469DB7 /* NSManagedObjectContext+MagicalThreading.h */,
				D9AF4C10169B962900469DB7 /* NSManagedObjectContext+MagicalThreading.m */,
			);
			path = NSManagedObjectContext;
			sourceTree = "<group>";
		};
		D9AF4C17169B962900469DB7 /* Core */ = {
			isa = PBXGroup;
			children = (
				D9AF4C18169B962900469DB7 /* MagicalRecord+Actions.h */,
				D9AF4C19169B962900469DB7 /* MagicalRecord+Actions.m */,
				D9AF4C1A169B962900469DB7 /* MagicalRecord+ErrorHandling.h */,
				D9AF4C1B169B962900469DB7 /* MagicalRecord+ErrorHandling.m */,
				D9AF4C1C169B962900469DB7 /* MagicalRecord+iCloud.h */,
				D9AF4C1D169B962900469DB7 /* MagicalRecord+iCloud.m */,
				D9AF4C1E169B962900469DB7 /* MagicalRecord+Options.h */,
				D9AF4C1F169B962900469DB7 /* MagicalRecord+Options.m */,
				D9AF4C20169B962900469DB7 /* MagicalRecord+Setup.h */,
				D9AF4C21169B962900469DB7 /* MagicalRecord+Setup.m */,
				D9AF4C22169B962900469DB7 /* MagicalRecord+ShorthandSupport.h */,
				D9AF4C23169B962900469DB7 /* MagicalRecord+ShorthandSupport.m */,
				D9AF4C24169B962900469DB7 /* MagicalRecord.h */,
				D9AF4C25169B962900469DB7 /* MagicalRecord.m */,
				D9AF4C26169B962900469DB7 /* MagicalRecordShorthand.h */,
			);
			path = Core;
			sourceTree = "<group>";
		};
		D9AF4C43169B963A00469DB7 /* Products */ = {
			isa = PBXGroup;
			children = (
				D9AF4C4C169B963A00469DB7 /* QuickDialogExample.app */,
				D9AF4C4E169B963A00469DB7 /* libQuickDialog.a */,
			);
			name = Products;
			sourceTree = "<group>";
		};
		D9AF4C52169B965700469DB7 /* TestFlight */ = {
			isa = PBXGroup;
			children = (
				D9AF4C54169B965700469DB7 /* libTestFlight.a */,
				D9AF4C57169B965700469DB7 /* TestFlight.h */,
			);
			name = TestFlight;
			path = Submodules/TestFlight;
			sourceTree = "<group>";
		};
		D9AF4C5C169B99C800469DB7 /* JSONKit */ = {
			isa = PBXGroup;
			children = (
				D9AF4C5E169B99C800469DB7 /* JSONKit.h */,
				D9AF4C5F169B99C800469DB7 /* JSONKit.m */,
			);
			name = JSONKit;
			path = Submodules/JSONKit;
			sourceTree = "<group>";
		};
/* End PBXGroup section */

/* Begin PBXNativeTarget section */
		D903ADB0168CD3F2003D8A23 /* Stop SB1070 */ = {
			isa = PBXNativeTarget;
			buildConfigurationList = D903ADCF168CD3F2003D8A23 /* Build configuration list for PBXNativeTarget "Stop SB1070" */;
			buildPhases = (
				D903ADAD168CD3F2003D8A23 /* Sources */,
				D903ADAE168CD3F2003D8A23 /* Frameworks */,
				D903ADAF168CD3F2003D8A23 /* Resources */,
			);
			buildRules = (
			);
			dependencies = (
				D9AF4C50169B964400469DB7 /* PBXTargetDependency */,
			);
			name = "Stop SB1070";
			productName = "ACLU AZ";
			productReference = D903ADB1168CD3F2003D8A23 /* Stop SB1070.app */;
			productType = "com.apple.product-type.application";
		};
/* End PBXNativeTarget section */

/* Begin PBXProject section */
		D903ADA8168CD3F2003D8A23 /* Project object */ = {
			isa = PBXProject;
			attributes = {
				CLASSPREFIX = OW;
				LastUpgradeCheck = 0450;
				ORGANIZATIONNAME = "OpenWatch FPC";
			};
			buildConfigurationList = D903ADAB168CD3F2003D8A23 /* Build configuration list for PBXProject "ACLU AZ" */;
			compatibilityVersion = "Xcode 3.2";
			developmentRegion = English;
			hasScannedForEncodings = 0;
			knownRegions = (
				en,
				es,
			);
			mainGroup = D903ADA6168CD3F2003D8A23;
			productRefGroup = D903ADB2168CD3F2003D8A23 /* Products */;
			projectDirPath = "";
			projectReferences = (
				{
					ProductGroup = D9AF4C43169B963A00469DB7 /* Products */;
					ProjectRef = D9AF4C42169B963A00469DB7 /* QuickDialog.xcodeproj */;
				},
			);
			projectRoot = "";
			targets = (
				D903ADB0168CD3F2003D8A23 /* Stop SB1070 */,
			);
		};
/* End PBXProject section */

/* Begin PBXReferenceProxy section */
		D9AF4C4C169B963A00469DB7 /* QuickDialogExample.app */ = {
			isa = PBXReferenceProxy;
			fileType = wrapper.application;
			path = QuickDialogExample.app;
			remoteRef = D9AF4C4B169B963A00469DB7 /* PBXContainerItemProxy */;
			sourceTree = BUILT_PRODUCTS_DIR;
		};
		D9AF4C4E169B963A00469DB7 /* libQuickDialog.a */ = {
			isa = PBXReferenceProxy;
			fileType = archive.ar;
			path = libQuickDialog.a;
			remoteRef = D9AF4C4D169B963A00469DB7 /* PBXContainerItemProxy */;
			sourceTree = BUILT_PRODUCTS_DIR;
		};
/* End PBXReferenceProxy section */

/* Begin PBXResourcesBuildPhase section */
		D903ADAF168CD3F2003D8A23 /* Resources */ = {
			isa = PBXResourcesBuildPhase;
			buildActionMask = 2147483647;
			files = (
				D903ADC0168CD3F2003D8A23 /* InfoPlist.strings in Resources */,
				D99826FB16977500008828A9 /* Localizable.strings in Resources */,
				D903ADC8168CD3F2003D8A23 /* Default.png in Resources */,
				D903ADCA168CD3F2003D8A23 /* Default@2x.png in Resources */,
				D903ADCC168CD3F2003D8A23 /* Default-568h@2x.png in Resources */,
				D903ADD9168CD79D003D8A23 /* aclu-logo.jpg in Resources */,
				D940DA3E1696408F00DE6DDE /* aclu-logo@2x.jpg in Resources */,
				D94502AF16962E5F003BEF5E /* body_bg.png in Resources */,
				D94502B016962E5F003BEF5E /* body_bg@2x.png in Resources */,
				D94502D716963759003BEF5E /* blueButton.png in Resources */,
				D94502D816963759003BEF5E /* blueButton@2x.png in Resources */,
				D94502D916963759003BEF5E /* blueButtonHighlight.png in Resources */,
				D94502DA16963759003BEF5E /* blueButtonHighlight@2x.png in Resources */,
				D94502DB16963759003BEF5E /* greenButton.png in Resources */,
				D94502DC16963759003BEF5E /* greenButton@2x.png in Resources */,
				D94502DD16963759003BEF5E /* greenButtonHighlight.png in Resources */,
				D94502DE16963759003BEF5E /* greenButtonHighlight@2x.png in Resources */,
				D940DA551696650E00DE6DDE /* logo.png in Resources */,
				D940DA571696651500DE6DDE /* logo@2x.png in Resources */,
				D998273216978516008828A9 /* about_icon.png in Resources */,
				D998273316978516008828A9 /* about_icon@2x.png in Resources */,
				D99827AE16979C1E008828A9 /* openwatch.png in Resources */,
				D99827AF16979C1E008828A9 /* openwatch@2x.png in Resources */,
				D99827D21697BCA8008828A9 /* list.png in Resources */,
				D99827D31697BCA8008828A9 /* list@2x.png in Resources */,
				D9AF4BBD169B818E00469DB7 /* driving.png in Resources */,
				D9AF4BBE169B818E00469DB7 /* home.png in Resources */,
				D9AF4BBF169B818E00469DB7 /* jail.png in Resources */,
				D9AF4BC0169B818E00469DB7 /* stickman.png in Resources */,
				D9AF4BC1169B818E00469DB7 /* street.png in Resources */,
				D9AF4BC2169B818E00469DB7 /* driving@2x.png in Resources */,
				D9AF4BC3169B818E00469DB7 /* home@2x.png in Resources */,
				D9AF4BC4169B818E00469DB7 /* jail@2x.png in Resources */,
				D9AF4BC5169B818E00469DB7 /* stickman@2x.png in Resources */,
				D9AF4BC6169B818E00469DB7 /* street@2x.png in Resources */,
				D9AF4BC9169B885F00469DB7 /* satinweave.png in Resources */,
				D9AF4BCA169B885F00469DB7 /* satinweave@2x.png in Resources */,
				D9AF4BCD169B8B5F00469DB7 /* 75-phone.png in Resources */,
				D9AF4BCE169B8B5F00469DB7 /* 75-phone@2x.png in Resources */,
			);
			runOnlyForDeploymentPostprocessing = 0;
		};
/* End PBXResourcesBuildPhase section */

/* Begin PBXSourcesBuildPhase section */
		D903ADAD168CD3F2003D8A23 /* Sources */ = {
			isa = PBXSourcesBuildPhase;
			buildActionMask = 2147483647;
			files = (
				D903ADC2168CD3F2003D8A23 /* main.m in Sources */,
				D903ADC6168CD3F2003D8A23 /* OWAppDelegate.m in Sources */,
				D9F6B9B1168CDDE10095D4FA /* OWACLUAZHomeViewController.m in Sources */,
				D9F6B9B6168CE0B00095D4FA /* OWReportViewController.m in Sources */,
				D906964F1694C074006FEA8C /* OWUserInfoViewController.m in Sources */,
				D906966A1694CED1006FEA8C /* OWACLUAZUtilities.m in Sources */,
				D9FBAE441694E55B00F70E2C /* OWUserInfoController.m in Sources */,
				D9FBAE471694EADC00F70E2C /* Model.xcdatamodeld in Sources */,
				D9FBAE4D1694EC4800F70E2C /* OWReport.m in Sources */,
				D9FBAED81695203A00F70E2C /* OWReportListViewController.m in Sources */,
				D940DA41169651C400DE6DDE /* OWRightsViewController.m in Sources */,
				D940DA531696565500DE6DDE /* OWPreviewItem.m in Sources */,
				D998272B16977FA5008828A9 /* OWAboutViewController.m in Sources */,
				D998277D169787C9008828A9 /* OWACLUClient.m in Sources */,
				D9AF4B97169B4CDC00469DB7 /* OWSegmentedRightsViewController.m in Sources */,
				D9AF4B9A169B526A00469DB7 /* OWRightsView.m in Sources */,
				D9AF4BE3169B961A00469DB7 /* AFHTTPClient.m in Sources */,
				D9AF4BE4169B961A00469DB7 /* AFHTTPRequestOperation.m in Sources */,
				D9AF4BE5169B961A00469DB7 /* AFImageRequestOperation.m in Sources */,
				D9AF4BE6169B961A00469DB7 /* AFJSONRequestOperation.m in Sources */,
				D9AF4BE7169B961A00469DB7 /* AFNetworkActivityIndicatorManager.m in Sources */,
				D9AF4BE8169B961A00469DB7 /* AFPropertyListRequestOperation.m in Sources */,
				D9AF4BE9169B961A00469DB7 /* AFURLConnectionOperation.m in Sources */,
				D9AF4BEA169B961A00469DB7 /* AFXMLRequestOperation.m in Sources */,
				D9AF4BEB169B961A00469DB7 /* UIImageView+AFNetworking.m in Sources */,
				D9AF4C28169B962900469DB7 /* MagicalImportFunctions.m in Sources */,
				D9AF4C29169B962900469DB7 /* NSAttributeDescription+MagicalDataImport.m in Sources */,
				D9AF4C2A169B962900469DB7 /* NSEntityDescription+MagicalDataImport.m in Sources */,
				D9AF4C2B169B962900469DB7 /* NSNumber+MagicalDataImport.m in Sources */,
				D9AF4C2C169B962900469DB7 /* NSObject+MagicalDataImport.m in Sources */,
				D9AF4C2D169B962900469DB7 /* NSRelationshipDescription+MagicalDataImport.m in Sources */,
				D9AF4C2E169B962900469DB7 /* NSString+MagicalDataImport.m in Sources */,
				D9AF4C2F169B962900469DB7 /* NSManagedObject+MagicalAggregation.m in Sources */,
				D9AF4C30169B962900469DB7 /* NSManagedObject+MagicalDataImport.m in Sources */,
				D9AF4C31169B962900469DB7 /* NSManagedObject+MagicalFinders.m in Sources */,
				D9AF4C32169B962900469DB7 /* NSManagedObject+MagicalRecord.m in Sources */,
				D9AF4C33169B962900469DB7 /* NSManagedObject+MagicalRequests.m in Sources */,
				D9AF4C34169B962900469DB7 /* NSManagedObjectContext+MagicalObserving.m in Sources */,
				D9AF4C35169B962900469DB7 /* NSManagedObjectContext+MagicalRecord.m in Sources */,
				D9AF4C36169B962900469DB7 /* NSManagedObjectContext+MagicalSaves.m in Sources */,
				D9AF4C37169B962900469DB7 /* NSManagedObjectContext+MagicalThreading.m in Sources */,
				D9AF4C38169B962900469DB7 /* NSManagedObjectModel+MagicalRecord.m in Sources */,
				D9AF4C39169B962900469DB7 /* NSPersistentStore+MagicalRecord.m in Sources */,
				D9AF4C3A169B962900469DB7 /* NSPersistentStoreCoordinator+MagicalRecord.m in Sources */,
				D9AF4C3B169B962900469DB7 /* MagicalRecord+Actions.m in Sources */,
				D9AF4C3C169B962900469DB7 /* MagicalRecord+ErrorHandling.m in Sources */,
				D9AF4C3D169B962900469DB7 /* MagicalRecord+iCloud.m in Sources */,
				D9AF4C3E169B962900469DB7 /* MagicalRecord+Options.m in Sources */,
				D9AF4C3F169B962900469DB7 /* MagicalRecord+Setup.m in Sources */,
				D9AF4C40169B962900469DB7 /* MagicalRecord+ShorthandSupport.m in Sources */,
				D9AF4C41169B962900469DB7 /* MagicalRecord.m in Sources */,
				D9AF4C62169B99C800469DB7 /* JSONKit.m in Sources */,
			);
			runOnlyForDeploymentPostprocessing = 0;
		};
/* End PBXSourcesBuildPhase section */

/* Begin PBXTargetDependency section */
		D9AF4C50169B964400469DB7 /* PBXTargetDependency */ = {
			isa = PBXTargetDependency;
			name = QuickDialog;
			targetProxy = D9AF4C4F169B964400469DB7 /* PBXContainerItemProxy */;
		};
/* End PBXTargetDependency section */

/* Begin PBXVariantGroup section */
		D903ADBE168CD3F2003D8A23 /* InfoPlist.strings */ = {
			isa = PBXVariantGroup;
			children = (
				D903ADBF168CD3F2003D8A23 /* en */,
				D99826FC1697750E008828A9 /* es */,
			);
			name = InfoPlist.strings;
			sourceTree = "<group>";
		};
		D99826F916977500008828A9 /* Localizable.strings */ = {
			isa = PBXVariantGroup;
			children = (
				D99826FA16977500008828A9 /* en */,
				D99826FD1697750E008828A9 /* es */,
			);
			name = Localizable.strings;
			sourceTree = "<group>";
		};
/* End PBXVariantGroup section */

/* Begin XCBuildConfiguration section */
		D903ADCD168CD3F2003D8A23 /* Debug */ = {
			isa = XCBuildConfiguration;
			buildSettings = {
				ALWAYS_SEARCH_USER_PATHS = NO;
				CLANG_CXX_LANGUAGE_STANDARD = "gnu++0x";
				CLANG_CXX_LIBRARY = "libc++";
				CLANG_ENABLE_OBJC_ARC = YES;
				CLANG_WARN_EMPTY_BODY = YES;
				CLANG_WARN__DUPLICATE_METHOD_MATCH = YES;
				"CODE_SIGN_IDENTITY[sdk=iphoneos*]" = "iPhone Developer";
				COPY_PHASE_STRIP = NO;
				GCC_C_LANGUAGE_STANDARD = gnu99;
				GCC_DYNAMIC_NO_PIC = NO;
				GCC_OPTIMIZATION_LEVEL = 0;
				GCC_PREPROCESSOR_DEFINITIONS = (
					"DEBUG=1",
					"$(inherited)",
				);
				GCC_SYMBOLS_PRIVATE_EXTERN = NO;
				GCC_WARN_ABOUT_RETURN_TYPE = YES;
				GCC_WARN_UNINITIALIZED_AUTOS = YES;
				GCC_WARN_UNUSED_VARIABLE = YES;
				IPHONEOS_DEPLOYMENT_TARGET = 6.0;
				ONLY_ACTIVE_ARCH = YES;
				SDKROOT = iphoneos;
				TARGETED_DEVICE_FAMILY = "1,2";
			};
			name = Debug;
		};
		D903ADCE168CD3F2003D8A23 /* Release */ = {
			isa = XCBuildConfiguration;
			buildSettings = {
				ALWAYS_SEARCH_USER_PATHS = NO;
				CLANG_CXX_LANGUAGE_STANDARD = "gnu++0x";
				CLANG_CXX_LIBRARY = "libc++";
				CLANG_ENABLE_OBJC_ARC = YES;
				CLANG_WARN_EMPTY_BODY = YES;
				CLANG_WARN__DUPLICATE_METHOD_MATCH = YES;
				"CODE_SIGN_IDENTITY[sdk=iphoneos*]" = "iPhone Developer";
				COPY_PHASE_STRIP = YES;
				GCC_C_LANGUAGE_STANDARD = gnu99;
				GCC_WARN_ABOUT_RETURN_TYPE = YES;
				GCC_WARN_UNINITIALIZED_AUTOS = YES;
				GCC_WARN_UNUSED_VARIABLE = YES;
				IPHONEOS_DEPLOYMENT_TARGET = 6.0;
				OTHER_CFLAGS = "-DNS_BLOCK_ASSERTIONS=1";
				SDKROOT = iphoneos;
				TARGETED_DEVICE_FAMILY = "1,2";
				VALIDATE_PRODUCT = YES;
			};
			name = Release;
		};
		D903ADD0168CD3F2003D8A23 /* Debug */ = {
			isa = XCBuildConfiguration;
			buildSettings = {
				ALWAYS_SEARCH_USER_PATHS = YES;
				CODE_SIGN_IDENTITY = "iPhone Developer";
				GCC_PRECOMPILE_PREFIX_HEADER = YES;
				GCC_PREFIX_HEADER = "ACLU AZ/ACLU AZ-Prefix.pch";
				INFOPLIST_FILE = "ACLU AZ/ACLU AZ-Info.plist";
				IPHONEOS_DEPLOYMENT_TARGET = 5.0;
				LIBRARY_SEARCH_PATHS = (
					"$(inherited)",
					"\"$(SRCROOT)/Submodules/TestFlight\"",
				);
				OTHER_LDFLAGS = "-ObjC";
				PRODUCT_NAME = "$(TARGET_NAME)";
				PROVISIONING_PROFILE = "";
				TARGETED_DEVICE_FAMILY = 1;
				USER_HEADER_SEARCH_PATHS = "\"${PROJECT_DIR}/Submodules\"/**";
				WRAPPER_EXTENSION = app;
			};
			name = Debug;
		};
		D903ADD1168CD3F2003D8A23 /* Release */ = {
			isa = XCBuildConfiguration;
			buildSettings = {
				ALWAYS_SEARCH_USER_PATHS = YES;
				CODE_SIGN_IDENTITY = "iPhone Distribution: Richard Jones";
				"CODE_SIGN_IDENTITY[sdk=iphoneos*]" = "iPhone Distribution: Richard Jones";
				GCC_PRECOMPILE_PREFIX_HEADER = YES;
				GCC_PREFIX_HEADER = "ACLU AZ/ACLU AZ-Prefix.pch";
				INFOPLIST_FILE = "ACLU AZ/ACLU AZ-Info.plist";
				IPHONEOS_DEPLOYMENT_TARGET = 5.0;
				LIBRARY_SEARCH_PATHS = (
					"$(inherited)",
					"\"$(SRCROOT)/Submodules/TestFlight\"",
				);
				OTHER_LDFLAGS = "-ObjC";
				PRODUCT_NAME = "$(TARGET_NAME)";
				PROVISIONING_PROFILE = "CF6A1EED-6841-4535-B832-CF4F4A131E21";
				"PROVISIONING_PROFILE[sdk=iphoneos*]" = "CF6A1EED-6841-4535-B832-CF4F4A131E21";
				TARGETED_DEVICE_FAMILY = 1;
				USER_HEADER_SEARCH_PATHS = "\"${PROJECT_DIR}/Submodules\"/**";
				WRAPPER_EXTENSION = app;
			};
			name = Release;
		};
/* End XCBuildConfiguration section */

/* Begin XCConfigurationList section */
		D903ADAB168CD3F2003D8A23 /* Build configuration list for PBXProject "ACLU AZ" */ = {
			isa = XCConfigurationList;
			buildConfigurations = (
				D903ADCD168CD3F2003D8A23 /* Debug */,
				D903ADCE168CD3F2003D8A23 /* Release */,
			);
			defaultConfigurationIsVisible = 0;
			defaultConfigurationName = Release;
		};
		D903ADCF168CD3F2003D8A23 /* Build configuration list for PBXNativeTarget "Stop SB1070" */ = {
			isa = XCConfigurationList;
			buildConfigurations = (
				D903ADD0168CD3F2003D8A23 /* Debug */,
				D903ADD1168CD3F2003D8A23 /* Release */,
			);
			defaultConfigurationIsVisible = 0;
			defaultConfigurationName = Release;
		};
/* End XCConfigurationList section */

/* Begin XCVersionGroup section */
		D9FBAE451694EADC00F70E2C /* Model.xcdatamodeld */ = {
			isa = XCVersionGroup;
			children = (
				D9FBAE461694EADC00F70E2C /* Model.xcdatamodel */,
			);
			currentVersion = D9FBAE461694EADC00F70E2C /* Model.xcdatamodel */;
			path = Model.xcdatamodeld;
			sourceTree = "<group>";
			versionGroupType = wrapper.xcdatamodel;
		};
/* End XCVersionGroup section */
	};
	rootObject = D903ADA8168CD3F2003D8A23 /* Project object */;
}
