// !$*UTF8*$!
{
	archiveVersion = 1;
	classes = {
	};
	objectVersion = 46;
	objects = {

/* Begin PBXBuildFile section */
		D903ADB6168CD3F2003D8A23 /* UIKit.framework in Frameworks */ = {isa = PBXBuildFile; fileRef = D903ADB5168CD3F2003D8A23 /* UIKit.framework */; };
		D903ADB8168CD3F2003D8A23 /* Foundation.framework in Frameworks */ = {isa = PBXBuildFile; fileRef = D903ADB7168CD3F2003D8A23 /* Foundation.framework */; };
		D903ADBA168CD3F2003D8A23 /* CoreGraphics.framework in Frameworks */ = {isa = PBXBuildFile; fileRef = D903ADB9168CD3F2003D8A23 /* CoreGraphics.framework */; };
		D903ADC0168CD3F2003D8A23 /* InfoPlist.strings in Resources */ = {isa = PBXBuildFile; fileRef = D903ADBE168CD3F2003D8A23 /* InfoPlist.strings */; };
		D903ADC2168CD3F2003D8A23 /* main.m in Sources */ = {isa = PBXBuildFile; fileRef = D903ADC1168CD3F2003D8A23 /* main.m */; };
		D903ADC6168CD3F2003D8A23 /* OWAppDelegate.m in Sources */ = {isa = PBXBuildFile; fileRef = D903ADC5168CD3F2003D8A23 /* OWAppDelegate.m */; };
		D903ADC8168CD3F2003D8A23 /* Default.png in Resources */ = {isa = PBXBuildFile; fileRef = D903ADC7168CD3F2003D8A23 /* Default.png */; };
		D903ADCA168CD3F2003D8A23 /* Default@2x.png in Resources */ = {isa = PBXBuildFile; fileRef = D903ADC9168CD3F2003D8A23 /* Default@2x.png */; };
		D903ADCC168CD3F2003D8A23 /* Default-568h@2x.png in Resources */ = {isa = PBXBuildFile; fileRef = D903ADCB168CD3F2003D8A23 /* Default-568h@2x.png */; };
		D903ADD8168CD79D003D8A23 /* 1070.jpg in Resources */ = {isa = PBXBuildFile; fileRef = D903ADD6168CD79D003D8A23 /* 1070.jpg */; };
		D903ADD9168CD79D003D8A23 /* logo.jpg in Resources */ = {isa = PBXBuildFile; fileRef = D903ADD7168CD79D003D8A23 /* logo.jpg */; };
		D903ADDC168CDC16003D8A23 /* OWUtilities.m in Sources */ = {isa = PBXBuildFile; fileRef = D903ADDB168CDC16003D8A23 /* OWUtilities.m */; };
		D903ADE7168CDCD6003D8A23 /* UIBarButtonItem+WEPopover.m in Sources */ = {isa = PBXBuildFile; fileRef = D903ADDF168CDCD6003D8A23 /* UIBarButtonItem+WEPopover.m */; settings = {COMPILER_FLAGS = "-fno-objc-arc"; }; };
		D903ADE8168CDCD6003D8A23 /* WEPopoverContainerView.m in Sources */ = {isa = PBXBuildFile; fileRef = D903ADE1168CDCD6003D8A23 /* WEPopoverContainerView.m */; settings = {COMPILER_FLAGS = "-fno-objc-arc"; }; };
		D903ADE9168CDCD6003D8A23 /* WEPopoverController.m in Sources */ = {isa = PBXBuildFile; fileRef = D903ADE3168CDCD6003D8A23 /* WEPopoverController.m */; settings = {COMPILER_FLAGS = "-fno-objc-arc"; }; };
		D903ADEA168CDCD6003D8A23 /* WETouchableView.m in Sources */ = {isa = PBXBuildFile; fileRef = D903ADE6168CDCD6003D8A23 /* WETouchableView.m */; settings = {COMPILER_FLAGS = "-fno-objc-arc"; }; };
		D903ADEF168CDD47003D8A23 /* about_icon.png in Resources */ = {isa = PBXBuildFile; fileRef = D903ADED168CDD47003D8A23 /* about_icon.png */; };
		D903ADF0168CDD47003D8A23 /* about_icon@2x.png in Resources */ = {isa = PBXBuildFile; fileRef = D903ADEE168CDD47003D8A23 /* about_icon@2x.png */; };
		D90696491694BDCF006FEA8C /* CoreLocation.framework in Frameworks */ = {isa = PBXBuildFile; fileRef = D90696481694BDCF006FEA8C /* CoreLocation.framework */; };
		D906964B1694BDD4006FEA8C /* MapKit.framework in Frameworks */ = {isa = PBXBuildFile; fileRef = D906964A1694BDD4006FEA8C /* MapKit.framework */; };
		D906964C1694BDD6006FEA8C /* libQuickDialog.a in Frameworks */ = {isa = PBXBuildFile; fileRef = D90696441694BDBF006FEA8C /* libQuickDialog.a */; };
		D906964F1694C074006FEA8C /* OWUserInfoViewController.m in Sources */ = {isa = PBXBuildFile; fileRef = D906964E1694C074006FEA8C /* OWUserInfoViewController.m */; };
		D90696661694CE0C006FEA8C /* JSONKit.m in Sources */ = {isa = PBXBuildFile; fileRef = D90696631694CE0C006FEA8C /* JSONKit.m */; settings = {COMPILER_FLAGS = "-fno-objc-arc"; }; };
		D906966A1694CED1006FEA8C /* OWACLUAZUtilities.m in Sources */ = {isa = PBXBuildFile; fileRef = D90696691694CED1006FEA8C /* OWACLUAZUtilities.m */; };
		D9F6B9B1168CDDE10095D4FA /* OWACLUAZHomeViewController.m in Sources */ = {isa = PBXBuildFile; fileRef = D9F6B9B0168CDDE10095D4FA /* OWACLUAZHomeViewController.m */; };
		D9F6B9B6168CE0B00095D4FA /* OWReportViewController.m in Sources */ = {isa = PBXBuildFile; fileRef = D9F6B9B5168CE0B00095D4FA /* OWReportViewController.m */; };
		D9FBAE441694E55B00F70E2C /* OWUserInfoController.m in Sources */ = {isa = PBXBuildFile; fileRef = D9FBAE431694E55B00F70E2C /* OWUserInfoController.m */; };
		D9FBAE471694EADC00F70E2C /* Model.xcdatamodeld in Sources */ = {isa = PBXBuildFile; fileRef = D9FBAE451694EADC00F70E2C /* Model.xcdatamodeld */; };
		D9FBAE4D1694EC4800F70E2C /* OWReport.m in Sources */ = {isa = PBXBuildFile; fileRef = D9FBAE4C1694EC4700F70E2C /* OWReport.m */; };
		D9FBAE901694F13A00F70E2C /* MagicalImportFunctions.m in Sources */ = {isa = PBXBuildFile; fileRef = D9FBAE581694F13A00F70E2C /* MagicalImportFunctions.m */; };
		D9FBAE911694F13A00F70E2C /* NSAttributeDescription+MagicalDataImport.m in Sources */ = {isa = PBXBuildFile; fileRef = D9FBAE5A1694F13A00F70E2C /* NSAttributeDescription+MagicalDataImport.m */; };
		D9FBAE921694F13A00F70E2C /* NSEntityDescription+MagicalDataImport.m in Sources */ = {isa = PBXBuildFile; fileRef = D9FBAE5C1694F13A00F70E2C /* NSEntityDescription+MagicalDataImport.m */; };
		D9FBAE931694F13A00F70E2C /* NSNumber+MagicalDataImport.m in Sources */ = {isa = PBXBuildFile; fileRef = D9FBAE5E1694F13A00F70E2C /* NSNumber+MagicalDataImport.m */; };
		D9FBAE941694F13A00F70E2C /* NSObject+MagicalDataImport.m in Sources */ = {isa = PBXBuildFile; fileRef = D9FBAE601694F13A00F70E2C /* NSObject+MagicalDataImport.m */; };
		D9FBAE951694F13A00F70E2C /* NSRelationshipDescription+MagicalDataImport.m in Sources */ = {isa = PBXBuildFile; fileRef = D9FBAE621694F13A00F70E2C /* NSRelationshipDescription+MagicalDataImport.m */; };
		D9FBAE961694F13A00F70E2C /* NSString+MagicalDataImport.m in Sources */ = {isa = PBXBuildFile; fileRef = D9FBAE641694F13A00F70E2C /* NSString+MagicalDataImport.m */; };
		D9FBAE971694F13A00F70E2C /* NSManagedObject+MagicalAggregation.m in Sources */ = {isa = PBXBuildFile; fileRef = D9FBAE671694F13A00F70E2C /* NSManagedObject+MagicalAggregation.m */; };
		D9FBAE981694F13A00F70E2C /* NSManagedObject+MagicalDataImport.m in Sources */ = {isa = PBXBuildFile; fileRef = D9FBAE691694F13A00F70E2C /* NSManagedObject+MagicalDataImport.m */; };
		D9FBAE991694F13A00F70E2C /* NSManagedObject+MagicalFinders.m in Sources */ = {isa = PBXBuildFile; fileRef = D9FBAE6B1694F13A00F70E2C /* NSManagedObject+MagicalFinders.m */; };
		D9FBAE9A1694F13A00F70E2C /* NSManagedObject+MagicalRecord.m in Sources */ = {isa = PBXBuildFile; fileRef = D9FBAE6D1694F13A00F70E2C /* NSManagedObject+MagicalRecord.m */; };
		D9FBAE9B1694F13A00F70E2C /* NSManagedObject+MagicalRequests.m in Sources */ = {isa = PBXBuildFile; fileRef = D9FBAE6F1694F13A00F70E2C /* NSManagedObject+MagicalRequests.m */; };
		D9FBAE9C1694F13A00F70E2C /* NSManagedObjectContext+MagicalObserving.m in Sources */ = {isa = PBXBuildFile; fileRef = D9FBAE721694F13A00F70E2C /* NSManagedObjectContext+MagicalObserving.m */; };
		D9FBAE9D1694F13A00F70E2C /* NSManagedObjectContext+MagicalRecord.m in Sources */ = {isa = PBXBuildFile; fileRef = D9FBAE741694F13A00F70E2C /* NSManagedObjectContext+MagicalRecord.m */; };
		D9FBAE9E1694F13A00F70E2C /* NSManagedObjectContext+MagicalSaves.m in Sources */ = {isa = PBXBuildFile; fileRef = D9FBAE761694F13A00F70E2C /* NSManagedObjectContext+MagicalSaves.m */; };
		D9FBAE9F1694F13A00F70E2C /* NSManagedObjectContext+MagicalThreading.m in Sources */ = {isa = PBXBuildFile; fileRef = D9FBAE781694F13A00F70E2C /* NSManagedObjectContext+MagicalThreading.m */; };
		D9FBAEA01694F13A00F70E2C /* NSManagedObjectModel+MagicalRecord.m in Sources */ = {isa = PBXBuildFile; fileRef = D9FBAE7A1694F13A00F70E2C /* NSManagedObjectModel+MagicalRecord.m */; };
		D9FBAEA11694F13A00F70E2C /* NSPersistentStore+MagicalRecord.m in Sources */ = {isa = PBXBuildFile; fileRef = D9FBAE7C1694F13A00F70E2C /* NSPersistentStore+MagicalRecord.m */; };
		D9FBAEA21694F13A00F70E2C /* NSPersistentStoreCoordinator+MagicalRecord.m in Sources */ = {isa = PBXBuildFile; fileRef = D9FBAE7E1694F13A00F70E2C /* NSPersistentStoreCoordinator+MagicalRecord.m */; };
		D9FBAEA31694F13A00F70E2C /* MagicalRecord+Actions.m in Sources */ = {isa = PBXBuildFile; fileRef = D9FBAE811694F13A00F70E2C /* MagicalRecord+Actions.m */; };
		D9FBAEA41694F13A00F70E2C /* MagicalRecord+ErrorHandling.m in Sources */ = {isa = PBXBuildFile; fileRef = D9FBAE831694F13A00F70E2C /* MagicalRecord+ErrorHandling.m */; };
		D9FBAEA51694F13A00F70E2C /* MagicalRecord+iCloud.m in Sources */ = {isa = PBXBuildFile; fileRef = D9FBAE851694F13A00F70E2C /* MagicalRecord+iCloud.m */; };
		D9FBAEA61694F13A00F70E2C /* MagicalRecord+Options.m in Sources */ = {isa = PBXBuildFile; fileRef = D9FBAE871694F13A00F70E2C /* MagicalRecord+Options.m */; };
		D9FBAEA71694F13A00F70E2C /* MagicalRecord+Setup.m in Sources */ = {isa = PBXBuildFile; fileRef = D9FBAE891694F13A00F70E2C /* MagicalRecord+Setup.m */; };
		D9FBAEA81694F13A00F70E2C /* MagicalRecord+ShorthandSupport.m in Sources */ = {isa = PBXBuildFile; fileRef = D9FBAE8B1694F13A00F70E2C /* MagicalRecord+ShorthandSupport.m */; };
		D9FBAEA91694F13A00F70E2C /* MagicalRecord.m in Sources */ = {isa = PBXBuildFile; fileRef = D9FBAE8D1694F13A00F70E2C /* MagicalRecord.m */; };
		D9FBAEAB1694F21700F70E2C /* CoreData.framework in Frameworks */ = {isa = PBXBuildFile; fileRef = D9FBAEAA1694F21700F70E2C /* CoreData.framework */; };
		D9FBAED81695203A00F70E2C /* OWReportListViewController.m in Sources */ = {isa = PBXBuildFile; fileRef = D9FBAED71695203900F70E2C /* OWReportListViewController.m */; };
/* End PBXBuildFile section */

/* Begin PBXContainerItemProxy section */
		D90696411694BDBF006FEA8C /* PBXContainerItemProxy */ = {
			isa = PBXContainerItemProxy;
			containerPortal = D90696381694BDBF006FEA8C /* QuickDialog.xcodeproj */;
			proxyType = 2;
			remoteGlobalIDString = D80B0E3313E052DF00FA85CA;
			remoteInfo = QuickDialogExample;
		};
		D90696431694BDBF006FEA8C /* PBXContainerItemProxy */ = {
			isa = PBXContainerItemProxy;
			containerPortal = D90696381694BDBF006FEA8C /* QuickDialog.xcodeproj */;
			proxyType = 2;
			remoteGlobalIDString = 2C542393145ADEBD0026A152;
			remoteInfo = QuickDialog;
		};
		D90696461694BDC7006FEA8C /* PBXContainerItemProxy */ = {
			isa = PBXContainerItemProxy;
			containerPortal = D90696381694BDBF006FEA8C /* QuickDialog.xcodeproj */;
			proxyType = 1;
			remoteGlobalIDString = 2C542392145ADEBD0026A152;
			remoteInfo = QuickDialog;
		};
/* End PBXContainerItemProxy section */

/* Begin PBXFileReference section */
		D903ADB1168CD3F2003D8A23 /* ACLU AZ.app */ = {isa = PBXFileReference; explicitFileType = wrapper.application; includeInIndex = 0; path = "ACLU AZ.app"; sourceTree = BUILT_PRODUCTS_DIR; };
		D903ADB5168CD3F2003D8A23 /* UIKit.framework */ = {isa = PBXFileReference; lastKnownFileType = wrapper.framework; name = UIKit.framework; path = System/Library/Frameworks/UIKit.framework; sourceTree = SDKROOT; };
		D903ADB7168CD3F2003D8A23 /* Foundation.framework */ = {isa = PBXFileReference; lastKnownFileType = wrapper.framework; name = Foundation.framework; path = System/Library/Frameworks/Foundation.framework; sourceTree = SDKROOT; };
		D903ADB9168CD3F2003D8A23 /* CoreGraphics.framework */ = {isa = PBXFileReference; lastKnownFileType = wrapper.framework; name = CoreGraphics.framework; path = System/Library/Frameworks/CoreGraphics.framework; sourceTree = SDKROOT; };
		D903ADBD168CD3F2003D8A23 /* ACLU AZ-Info.plist */ = {isa = PBXFileReference; lastKnownFileType = text.plist.xml; path = "ACLU AZ-Info.plist"; sourceTree = "<group>"; };
		D903ADBF168CD3F2003D8A23 /* en */ = {isa = PBXFileReference; lastKnownFileType = text.plist.strings; name = en; path = en.lproj/InfoPlist.strings; sourceTree = "<group>"; };
		D903ADC1168CD3F2003D8A23 /* main.m */ = {isa = PBXFileReference; lastKnownFileType = sourcecode.c.objc; path = main.m; sourceTree = "<group>"; };
		D903ADC3168CD3F2003D8A23 /* ACLU AZ-Prefix.pch */ = {isa = PBXFileReference; lastKnownFileType = sourcecode.c.h; path = "ACLU AZ-Prefix.pch"; sourceTree = "<group>"; };
		D903ADC4168CD3F2003D8A23 /* OWAppDelegate.h */ = {isa = PBXFileReference; lastKnownFileType = sourcecode.c.h; path = OWAppDelegate.h; sourceTree = "<group>"; };
		D903ADC5168CD3F2003D8A23 /* OWAppDelegate.m */ = {isa = PBXFileReference; lastKnownFileType = sourcecode.c.objc; path = OWAppDelegate.m; sourceTree = "<group>"; };
		D903ADC7168CD3F2003D8A23 /* Default.png */ = {isa = PBXFileReference; lastKnownFileType = image.png; path = Default.png; sourceTree = "<group>"; };
		D903ADC9168CD3F2003D8A23 /* Default@2x.png */ = {isa = PBXFileReference; lastKnownFileType = image.png; path = "Default@2x.png"; sourceTree = "<group>"; };
		D903ADCB168CD3F2003D8A23 /* Default-568h@2x.png */ = {isa = PBXFileReference; lastKnownFileType = image.png; path = "Default-568h@2x.png"; sourceTree = "<group>"; };
		D903ADD2168CD4CB003D8A23 /* OWACLUAZHomeViewController.h */ = {isa = PBXFileReference; fileEncoding = 4; lastKnownFileType = sourcecode.c.h; path = OWACLUAZHomeViewController.h; sourceTree = "<group>"; };
		D903ADD6168CD79D003D8A23 /* 1070.jpg */ = {isa = PBXFileReference; lastKnownFileType = image.jpeg; path = 1070.jpg; sourceTree = "<group>"; };
		D903ADD7168CD79D003D8A23 /* logo.jpg */ = {isa = PBXFileReference; lastKnownFileType = image.jpeg; path = logo.jpg; sourceTree = "<group>"; };
		D903ADDA168CDC16003D8A23 /* OWUtilities.h */ = {isa = PBXFileReference; fileEncoding = 4; lastKnownFileType = sourcecode.c.h; name = OWUtilities.h; path = "Submodules/OpenWatch-iOS/OpenWatch/OWUtilities.h"; sourceTree = SOURCE_ROOT; };
		D903ADDB168CDC16003D8A23 /* OWUtilities.m */ = {isa = PBXFileReference; fileEncoding = 4; lastKnownFileType = sourcecode.c.objc; name = OWUtilities.m; path = "Submodules/OpenWatch-iOS/OpenWatch/OWUtilities.m"; sourceTree = SOURCE_ROOT; };
		D903ADDE168CDCD6003D8A23 /* UIBarButtonItem+WEPopover.h */ = {isa = PBXFileReference; fileEncoding = 4; lastKnownFileType = sourcecode.c.h; path = "UIBarButtonItem+WEPopover.h"; sourceTree = "<group>"; };
		D903ADDF168CDCD6003D8A23 /* UIBarButtonItem+WEPopover.m */ = {isa = PBXFileReference; fileEncoding = 4; lastKnownFileType = sourcecode.c.objc; path = "UIBarButtonItem+WEPopover.m"; sourceTree = "<group>"; };
		D903ADE0168CDCD6003D8A23 /* WEPopoverContainerView.h */ = {isa = PBXFileReference; fileEncoding = 4; lastKnownFileType = sourcecode.c.h; path = WEPopoverContainerView.h; sourceTree = "<group>"; };
		D903ADE1168CDCD6003D8A23 /* WEPopoverContainerView.m */ = {isa = PBXFileReference; fileEncoding = 4; lastKnownFileType = sourcecode.c.objc; path = WEPopoverContainerView.m; sourceTree = "<group>"; };
		D903ADE2168CDCD6003D8A23 /* WEPopoverController.h */ = {isa = PBXFileReference; fileEncoding = 4; lastKnownFileType = sourcecode.c.h; path = WEPopoverController.h; sourceTree = "<group>"; };
		D903ADE3168CDCD6003D8A23 /* WEPopoverController.m */ = {isa = PBXFileReference; fileEncoding = 4; lastKnownFileType = sourcecode.c.objc; path = WEPopoverController.m; sourceTree = "<group>"; };
		D903ADE4168CDCD6003D8A23 /* WEPopoverParentView.h */ = {isa = PBXFileReference; fileEncoding = 4; lastKnownFileType = sourcecode.c.h; path = WEPopoverParentView.h; sourceTree = "<group>"; };
		D903ADE5168CDCD6003D8A23 /* WETouchableView.h */ = {isa = PBXFileReference; fileEncoding = 4; lastKnownFileType = sourcecode.c.h; path = WETouchableView.h; sourceTree = "<group>"; };
		D903ADE6168CDCD6003D8A23 /* WETouchableView.m */ = {isa = PBXFileReference; fileEncoding = 4; lastKnownFileType = sourcecode.c.objc; path = WETouchableView.m; sourceTree = "<group>"; };
		D903ADED168CDD47003D8A23 /* about_icon.png */ = {isa = PBXFileReference; lastKnownFileType = image.png; path = about_icon.png; sourceTree = "<group>"; };
		D903ADEE168CDD47003D8A23 /* about_icon@2x.png */ = {isa = PBXFileReference; lastKnownFileType = image.png; path = "about_icon@2x.png"; sourceTree = "<group>"; };
		D90696381694BDBF006FEA8C /* QuickDialog.xcodeproj */ = {isa = PBXFileReference; lastKnownFileType = "wrapper.pb-project"; name = QuickDialog.xcodeproj; path = Submodules/QuickDialog/QuickDialog.xcodeproj; sourceTree = "<group>"; };
		D90696481694BDCF006FEA8C /* CoreLocation.framework */ = {isa = PBXFileReference; lastKnownFileType = wrapper.framework; name = CoreLocation.framework; path = System/Library/Frameworks/CoreLocation.framework; sourceTree = SDKROOT; };
		D906964A1694BDD4006FEA8C /* MapKit.framework */ = {isa = PBXFileReference; lastKnownFileType = wrapper.framework; name = MapKit.framework; path = System/Library/Frameworks/MapKit.framework; sourceTree = SDKROOT; };
		D906964D1694C074006FEA8C /* OWUserInfoViewController.h */ = {isa = PBXFileReference; fileEncoding = 4; lastKnownFileType = sourcecode.c.h; path = OWUserInfoViewController.h; sourceTree = "<group>"; };
		D906964E1694C074006FEA8C /* OWUserInfoViewController.m */ = {isa = PBXFileReference; fileEncoding = 4; lastKnownFileType = sourcecode.c.objc; path = OWUserInfoViewController.m; sourceTree = "<group>"; };
		D90696621694CE0C006FEA8C /* JSONKit.h */ = {isa = PBXFileReference; fileEncoding = 4; lastKnownFileType = sourcecode.c.h; path = JSONKit.h; sourceTree = "<group>"; };
		D90696631694CE0C006FEA8C /* JSONKit.m */ = {isa = PBXFileReference; fileEncoding = 4; lastKnownFileType = sourcecode.c.objc; path = JSONKit.m; sourceTree = "<group>"; };
		D90696681694CED1006FEA8C /* OWACLUAZUtilities.h */ = {isa = PBXFileReference; fileEncoding = 4; lastKnownFileType = sourcecode.c.h; path = OWACLUAZUtilities.h; sourceTree = "<group>"; };
		D90696691694CED1006FEA8C /* OWACLUAZUtilities.m */ = {isa = PBXFileReference; fileEncoding = 4; lastKnownFileType = sourcecode.c.objc; path = OWACLUAZUtilities.m; sourceTree = "<group>"; };
		D9F6B9B0168CDDE10095D4FA /* OWACLUAZHomeViewController.m */ = {isa = PBXFileReference; fileEncoding = 4; lastKnownFileType = sourcecode.c.objc; path = OWACLUAZHomeViewController.m; sourceTree = "<group>"; };
		D9F6B9B3168CDEE00095D4FA /* OWACLUAZStrings.h */ = {isa = PBXFileReference; lastKnownFileType = sourcecode.c.h; path = OWACLUAZStrings.h; sourceTree = "<group>"; };
		D9F6B9B4168CE0B00095D4FA /* OWReportViewController.h */ = {isa = PBXFileReference; fileEncoding = 4; lastKnownFileType = sourcecode.c.h; path = OWReportViewController.h; sourceTree = "<group>"; };
		D9F6B9B5168CE0B00095D4FA /* OWReportViewController.m */ = {isa = PBXFileReference; fileEncoding = 4; lastKnownFileType = sourcecode.c.objc; path = OWReportViewController.m; sourceTree = "<group>"; };
		D9FBAE421694E55B00F70E2C /* OWUserInfoController.h */ = {isa = PBXFileReference; fileEncoding = 4; lastKnownFileType = sourcecode.c.h; path = OWUserInfoController.h; sourceTree = "<group>"; };
		D9FBAE431694E55B00F70E2C /* OWUserInfoController.m */ = {isa = PBXFileReference; fileEncoding = 4; lastKnownFileType = sourcecode.c.objc; path = OWUserInfoController.m; sourceTree = "<group>"; };
		D9FBAE461694EADC00F70E2C /* Model.xcdatamodel */ = {isa = PBXFileReference; lastKnownFileType = wrapper.xcdatamodel; path = Model.xcdatamodel; sourceTree = "<group>"; };
		D9FBAE4B1694EC4700F70E2C /* OWReport.h */ = {isa = PBXFileReference; fileEncoding = 4; lastKnownFileType = sourcecode.c.h; path = OWReport.h; sourceTree = "<group>"; };
		D9FBAE4C1694EC4700F70E2C /* OWReport.m */ = {isa = PBXFileReference; fileEncoding = 4; lastKnownFileType = sourcecode.c.objc; path = OWReport.m; sourceTree = "<group>"; };
		D9FBAE571694F13A00F70E2C /* MagicalImportFunctions.h */ = {isa = PBXFileReference; fileEncoding = 4; lastKnownFileType = sourcecode.c.h; path = MagicalImportFunctions.h; sourceTree = "<group>"; };
		D9FBAE581694F13A00F70E2C /* MagicalImportFunctions.m */ = {isa = PBXFileReference; fileEncoding = 4; lastKnownFileType = sourcecode.c.objc; path = MagicalImportFunctions.m; sourceTree = "<group>"; };
		D9FBAE591694F13A00F70E2C /* NSAttributeDescription+MagicalDataImport.h */ = {isa = PBXFileReference; fileEncoding = 4; lastKnownFileType = sourcecode.c.h; path = "NSAttributeDescription+MagicalDataImport.h"; sourceTree = "<group>"; };
		D9FBAE5A1694F13A00F70E2C /* NSAttributeDescription+MagicalDataImport.m */ = {isa = PBXFileReference; fileEncoding = 4; lastKnownFileType = sourcecode.c.objc; path = "NSAttributeDescription+MagicalDataImport.m"; sourceTree = "<group>"; };
		D9FBAE5B1694F13A00F70E2C /* NSEntityDescription+MagicalDataImport.h */ = {isa = PBXFileReference; fileEncoding = 4; lastKnownFileType = sourcecode.c.h; path = "NSEntityDescription+MagicalDataImport.h"; sourceTree = "<group>"; };
		D9FBAE5C1694F13A00F70E2C /* NSEntityDescription+MagicalDataImport.m */ = {isa = PBXFileReference; fileEncoding = 4; lastKnownFileType = sourcecode.c.objc; path = "NSEntityDescription+MagicalDataImport.m"; sourceTree = "<group>"; };
		D9FBAE5D1694F13A00F70E2C /* NSNumber+MagicalDataImport.h */ = {isa = PBXFileReference; fileEncoding = 4; lastKnownFileType = sourcecode.c.h; path = "NSNumber+MagicalDataImport.h"; sourceTree = "<group>"; };
		D9FBAE5E1694F13A00F70E2C /* NSNumber+MagicalDataImport.m */ = {isa = PBXFileReference; fileEncoding = 4; lastKnownFileType = sourcecode.c.objc; path = "NSNumber+MagicalDataImport.m"; sourceTree = "<group>"; };
		D9FBAE5F1694F13A00F70E2C /* NSObject+MagicalDataImport.h */ = {isa = PBXFileReference; fileEncoding = 4; lastKnownFileType = sourcecode.c.h; path = "NSObject+MagicalDataImport.h"; sourceTree = "<group>"; };
		D9FBAE601694F13A00F70E2C /* NSObject+MagicalDataImport.m */ = {isa = PBXFileReference; fileEncoding = 4; lastKnownFileType = sourcecode.c.objc; path = "NSObject+MagicalDataImport.m"; sourceTree = "<group>"; };
		D9FBAE611694F13A00F70E2C /* NSRelationshipDescription+MagicalDataImport.h */ = {isa = PBXFileReference; fileEncoding = 4; lastKnownFileType = sourcecode.c.h; path = "NSRelationshipDescription+MagicalDataImport.h"; sourceTree = "<group>"; };
		D9FBAE621694F13A00F70E2C /* NSRelationshipDescription+MagicalDataImport.m */ = {isa = PBXFileReference; fileEncoding = 4; lastKnownFileType = sourcecode.c.objc; path = "NSRelationshipDescription+MagicalDataImport.m"; sourceTree = "<group>"; };
		D9FBAE631694F13A00F70E2C /* NSString+MagicalDataImport.h */ = {isa = PBXFileReference; fileEncoding = 4; lastKnownFileType = sourcecode.c.h; path = "NSString+MagicalDataImport.h"; sourceTree = "<group>"; };
		D9FBAE641694F13A00F70E2C /* NSString+MagicalDataImport.m */ = {isa = PBXFileReference; fileEncoding = 4; lastKnownFileType = sourcecode.c.objc; path = "NSString+MagicalDataImport.m"; sourceTree = "<group>"; };
		D9FBAE661694F13A00F70E2C /* NSManagedObject+MagicalAggregation.h */ = {isa = PBXFileReference; fileEncoding = 4; lastKnownFileType = sourcecode.c.h; path = "NSManagedObject+MagicalAggregation.h"; sourceTree = "<group>"; };
		D9FBAE671694F13A00F70E2C /* NSManagedObject+MagicalAggregation.m */ = {isa = PBXFileReference; fileEncoding = 4; lastKnownFileType = sourcecode.c.objc; path = "NSManagedObject+MagicalAggregation.m"; sourceTree = "<group>"; };
		D9FBAE681694F13A00F70E2C /* NSManagedObject+MagicalDataImport.h */ = {isa = PBXFileReference; fileEncoding = 4; lastKnownFileType = sourcecode.c.h; path = "NSManagedObject+MagicalDataImport.h"; sourceTree = "<group>"; };
		D9FBAE691694F13A00F70E2C /* NSManagedObject+MagicalDataImport.m */ = {isa = PBXFileReference; fileEncoding = 4; lastKnownFileType = sourcecode.c.objc; path = "NSManagedObject+MagicalDataImport.m"; sourceTree = "<group>"; };
		D9FBAE6A1694F13A00F70E2C /* NSManagedObject+MagicalFinders.h */ = {isa = PBXFileReference; fileEncoding = 4; lastKnownFileType = sourcecode.c.h; path = "NSManagedObject+MagicalFinders.h"; sourceTree = "<group>"; };
		D9FBAE6B1694F13A00F70E2C /* NSManagedObject+MagicalFinders.m */ = {isa = PBXFileReference; fileEncoding = 4; lastKnownFileType = sourcecode.c.objc; path = "NSManagedObject+MagicalFinders.m"; sourceTree = "<group>"; };
		D9FBAE6C1694F13A00F70E2C /* NSManagedObject+MagicalRecord.h */ = {isa = PBXFileReference; fileEncoding = 4; lastKnownFileType = sourcecode.c.h; path = "NSManagedObject+MagicalRecord.h"; sourceTree = "<group>"; };
		D9FBAE6D1694F13A00F70E2C /* NSManagedObject+MagicalRecord.m */ = {isa = PBXFileReference; fileEncoding = 4; lastKnownFileType = sourcecode.c.objc; path = "NSManagedObject+MagicalRecord.m"; sourceTree = "<group>"; };
		D9FBAE6E1694F13A00F70E2C /* NSManagedObject+MagicalRequests.h */ = {isa = PBXFileReference; fileEncoding = 4; lastKnownFileType = sourcecode.c.h; path = "NSManagedObject+MagicalRequests.h"; sourceTree = "<group>"; };
		D9FBAE6F1694F13A00F70E2C /* NSManagedObject+MagicalRequests.m */ = {isa = PBXFileReference; fileEncoding = 4; lastKnownFileType = sourcecode.c.objc; path = "NSManagedObject+MagicalRequests.m"; sourceTree = "<group>"; };
		D9FBAE711694F13A00F70E2C /* NSManagedObjectContext+MagicalObserving.h */ = {isa = PBXFileReference; fileEncoding = 4; lastKnownFileType = sourcecode.c.h; path = "NSManagedObjectContext+MagicalObserving.h"; sourceTree = "<group>"; };
		D9FBAE721694F13A00F70E2C /* NSManagedObjectContext+MagicalObserving.m */ = {isa = PBXFileReference; fileEncoding = 4; lastKnownFileType = sourcecode.c.objc; path = "NSManagedObjectContext+MagicalObserving.m"; sourceTree = "<group>"; };
		D9FBAE731694F13A00F70E2C /* NSManagedObjectContext+MagicalRecord.h */ = {isa = PBXFileReference; fileEncoding = 4; lastKnownFileType = sourcecode.c.h; path = "NSManagedObjectContext+MagicalRecord.h"; sourceTree = "<group>"; };
		D9FBAE741694F13A00F70E2C /* NSManagedObjectContext+MagicalRecord.m */ = {isa = PBXFileReference; fileEncoding = 4; lastKnownFileType = sourcecode.c.objc; path = "NSManagedObjectContext+MagicalRecord.m"; sourceTree = "<group>"; };
		D9FBAE751694F13A00F70E2C /* NSManagedObjectContext+MagicalSaves.h */ = {isa = PBXFileReference; fileEncoding = 4; lastKnownFileType = sourcecode.c.h; path = "NSManagedObjectContext+MagicalSaves.h"; sourceTree = "<group>"; };
		D9FBAE761694F13A00F70E2C /* NSManagedObjectContext+MagicalSaves.m */ = {isa = PBXFileReference; fileEncoding = 4; lastKnownFileType = sourcecode.c.objc; path = "NSManagedObjectContext+MagicalSaves.m"; sourceTree = "<group>"; };
		D9FBAE771694F13A00F70E2C /* NSManagedObjectContext+MagicalThreading.h */ = {isa = PBXFileReference; fileEncoding = 4; lastKnownFileType = sourcecode.c.h; path = "NSManagedObjectContext+MagicalThreading.h"; sourceTree = "<group>"; };
		D9FBAE781694F13A00F70E2C /* NSManagedObjectContext+MagicalThreading.m */ = {isa = PBXFileReference; fileEncoding = 4; lastKnownFileType = sourcecode.c.objc; path = "NSManagedObjectContext+MagicalThreading.m"; sourceTree = "<group>"; };
		D9FBAE791694F13A00F70E2C /* NSManagedObjectModel+MagicalRecord.h */ = {isa = PBXFileReference; fileEncoding = 4; lastKnownFileType = sourcecode.c.h; path = "NSManagedObjectModel+MagicalRecord.h"; sourceTree = "<group>"; };
		D9FBAE7A1694F13A00F70E2C /* NSManagedObjectModel+MagicalRecord.m */ = {isa = PBXFileReference; fileEncoding = 4; lastKnownFileType = sourcecode.c.objc; path = "NSManagedObjectModel+MagicalRecord.m"; sourceTree = "<group>"; };
		D9FBAE7B1694F13A00F70E2C /* NSPersistentStore+MagicalRecord.h */ = {isa = PBXFileReference; fileEncoding = 4; lastKnownFileType = sourcecode.c.h; path = "NSPersistentStore+MagicalRecord.h"; sourceTree = "<group>"; };
		D9FBAE7C1694F13A00F70E2C /* NSPersistentStore+MagicalRecord.m */ = {isa = PBXFileReference; fileEncoding = 4; lastKnownFileType = sourcecode.c.objc; path = "NSPersistentStore+MagicalRecord.m"; sourceTree = "<group>"; };
		D9FBAE7D1694F13A00F70E2C /* NSPersistentStoreCoordinator+MagicalRecord.h */ = {isa = PBXFileReference; fileEncoding = 4; lastKnownFileType = sourcecode.c.h; path = "NSPersistentStoreCoordinator+MagicalRecord.h"; sourceTree = "<group>"; };
		D9FBAE7E1694F13A00F70E2C /* NSPersistentStoreCoordinator+MagicalRecord.m */ = {isa = PBXFileReference; fileEncoding = 4; lastKnownFileType = sourcecode.c.objc; path = "NSPersistentStoreCoordinator+MagicalRecord.m"; sourceTree = "<group>"; };
		D9FBAE801694F13A00F70E2C /* MagicalRecord+Actions.h */ = {isa = PBXFileReference; fileEncoding = 4; lastKnownFileType = sourcecode.c.h; path = "MagicalRecord+Actions.h"; sourceTree = "<group>"; };
		D9FBAE811694F13A00F70E2C /* MagicalRecord+Actions.m */ = {isa = PBXFileReference; fileEncoding = 4; lastKnownFileType = sourcecode.c.objc; path = "MagicalRecord+Actions.m"; sourceTree = "<group>"; };
		D9FBAE821694F13A00F70E2C /* MagicalRecord+ErrorHandling.h */ = {isa = PBXFileReference; fileEncoding = 4; lastKnownFileType = sourcecode.c.h; path = "MagicalRecord+ErrorHandling.h"; sourceTree = "<group>"; };
		D9FBAE831694F13A00F70E2C /* MagicalRecord+ErrorHandling.m */ = {isa = PBXFileReference; fileEncoding = 4; lastKnownFileType = sourcecode.c.objc; path = "MagicalRecord+ErrorHandling.m"; sourceTree = "<group>"; };
		D9FBAE841694F13A00F70E2C /* MagicalRecord+iCloud.h */ = {isa = PBXFileReference; fileEncoding = 4; lastKnownFileType = sourcecode.c.h; path = "MagicalRecord+iCloud.h"; sourceTree = "<group>"; };
		D9FBAE851694F13A00F70E2C /* MagicalRecord+iCloud.m */ = {isa = PBXFileReference; fileEncoding = 4; lastKnownFileType = sourcecode.c.objc; path = "MagicalRecord+iCloud.m"; sourceTree = "<group>"; };
		D9FBAE861694F13A00F70E2C /* MagicalRecord+Options.h */ = {isa = PBXFileReference; fileEncoding = 4; lastKnownFileType = sourcecode.c.h; path = "MagicalRecord+Options.h"; sourceTree = "<group>"; };
		D9FBAE871694F13A00F70E2C /* MagicalRecord+Options.m */ = {isa = PBXFileReference; fileEncoding = 4; lastKnownFileType = sourcecode.c.objc; path = "MagicalRecord+Options.m"; sourceTree = "<group>"; };
		D9FBAE881694F13A00F70E2C /* MagicalRecord+Setup.h */ = {isa = PBXFileReference; fileEncoding = 4; lastKnownFileType = sourcecode.c.h; path = "MagicalRecord+Setup.h"; sourceTree = "<group>"; };
		D9FBAE891694F13A00F70E2C /* MagicalRecord+Setup.m */ = {isa = PBXFileReference; fileEncoding = 4; lastKnownFileType = sourcecode.c.objc; path = "MagicalRecord+Setup.m"; sourceTree = "<group>"; };
		D9FBAE8A1694F13A00F70E2C /* MagicalRecord+ShorthandSupport.h */ = {isa = PBXFileReference; fileEncoding = 4; lastKnownFileType = sourcecode.c.h; path = "MagicalRecord+ShorthandSupport.h"; sourceTree = "<group>"; };
		D9FBAE8B1694F13A00F70E2C /* MagicalRecord+ShorthandSupport.m */ = {isa = PBXFileReference; fileEncoding = 4; lastKnownFileType = sourcecode.c.objc; path = "MagicalRecord+ShorthandSupport.m"; sourceTree = "<group>"; };
		D9FBAE8C1694F13A00F70E2C /* MagicalRecord.h */ = {isa = PBXFileReference; fileEncoding = 4; lastKnownFileType = sourcecode.c.h; path = MagicalRecord.h; sourceTree = "<group>"; };
		D9FBAE8D1694F13A00F70E2C /* MagicalRecord.m */ = {isa = PBXFileReference; fileEncoding = 4; lastKnownFileType = sourcecode.c.objc; path = MagicalRecord.m; sourceTree = "<group>"; };
		D9FBAE8E1694F13A00F70E2C /* MagicalRecordShorthand.h */ = {isa = PBXFileReference; fileEncoding = 4; lastKnownFileType = sourcecode.c.h; path = MagicalRecordShorthand.h; sourceTree = "<group>"; };
		D9FBAE8F1694F13A00F70E2C /* CoreData+MagicalRecord.h */ = {isa = PBXFileReference; fileEncoding = 4; lastKnownFileType = sourcecode.c.h; path = "CoreData+MagicalRecord.h"; sourceTree = "<group>"; };
		D9FBAEAA1694F21700F70E2C /* CoreData.framework */ = {isa = PBXFileReference; lastKnownFileType = wrapper.framework; name = CoreData.framework; path = System/Library/Frameworks/CoreData.framework; sourceTree = SDKROOT; };
		D9FBAED61695203900F70E2C /* OWReportListViewController.h */ = {isa = PBXFileReference; fileEncoding = 4; lastKnownFileType = sourcecode.c.h; path = OWReportListViewController.h; sourceTree = "<group>"; };
		D9FBAED71695203900F70E2C /* OWReportListViewController.m */ = {isa = PBXFileReference; fileEncoding = 4; lastKnownFileType = sourcecode.c.objc; path = OWReportListViewController.m; sourceTree = "<group>"; };
/* End PBXFileReference section */

/* Begin PBXFrameworksBuildPhase section */
		D903ADAE168CD3F2003D8A23 /* Frameworks */ = {
			isa = PBXFrameworksBuildPhase;
			buildActionMask = 2147483647;
			files = (
				D9FBAEAB1694F21700F70E2C /* CoreData.framework in Frameworks */,
				D906964C1694BDD6006FEA8C /* libQuickDialog.a in Frameworks */,
				D906964B1694BDD4006FEA8C /* MapKit.framework in Frameworks */,
				D90696491694BDCF006FEA8C /* CoreLocation.framework in Frameworks */,
				D903ADB6168CD3F2003D8A23 /* UIKit.framework in Frameworks */,
				D903ADB8168CD3F2003D8A23 /* Foundation.framework in Frameworks */,
				D903ADBA168CD3F2003D8A23 /* CoreGraphics.framework in Frameworks */,
			);
			runOnlyForDeploymentPostprocessing = 0;
		};
/* End PBXFrameworksBuildPhase section */

/* Begin PBXGroup section */
		D903ADA6168CD3F2003D8A23 = {
			isa = PBXGroup;
			children = (
				D9FBAEAA1694F21700F70E2C /* CoreData.framework */,
				D903ADD5168CD79D003D8A23 /* Media */,
				D903ADBB168CD3F2003D8A23 /* ACLU AZ */,
				D903ADEB168CDCDD003D8A23 /* Submodules */,
				D903ADB4168CD3F2003D8A23 /* Frameworks */,
				D903ADB2168CD3F2003D8A23 /* Products */,
			);
			sourceTree = "<group>";
		};
		D903ADB2168CD3F2003D8A23 /* Products */ = {
			isa = PBXGroup;
			children = (
				D903ADB1168CD3F2003D8A23 /* ACLU AZ.app */,
			);
			name = Products;
			sourceTree = "<group>";
		};
		D903ADB4168CD3F2003D8A23 /* Frameworks */ = {
			isa = PBXGroup;
			children = (
				D906964A1694BDD4006FEA8C /* MapKit.framework */,
				D90696481694BDCF006FEA8C /* CoreLocation.framework */,
				D903ADB5168CD3F2003D8A23 /* UIKit.framework */,
				D903ADB7168CD3F2003D8A23 /* Foundation.framework */,
				D903ADB9168CD3F2003D8A23 /* CoreGraphics.framework */,
			);
			name = Frameworks;
			sourceTree = "<group>";
		};
		D903ADBB168CD3F2003D8A23 /* ACLU AZ */ = {
			isa = PBXGroup;
			children = (
				D9FBAE451694EADC00F70E2C /* Model.xcdatamodeld */,
				D9FBAE4B1694EC4700F70E2C /* OWReport.h */,
				D9FBAE4C1694EC4700F70E2C /* OWReport.m */,
				D903ADC4168CD3F2003D8A23 /* OWAppDelegate.h */,
				D903ADC5168CD3F2003D8A23 /* OWAppDelegate.m */,
				D9F6B9B3168CDEE00095D4FA /* OWACLUAZStrings.h */,
				D90696681694CED1006FEA8C /* OWACLUAZUtilities.h */,
				D90696691694CED1006FEA8C /* OWACLUAZUtilities.m */,
				D903ADD2168CD4CB003D8A23 /* OWACLUAZHomeViewController.h */,
				D9F6B9B0168CDDE10095D4FA /* OWACLUAZHomeViewController.m */,
				D906964D1694C074006FEA8C /* OWUserInfoViewController.h */,
				D906964E1694C074006FEA8C /* OWUserInfoViewController.m */,
				D9FBAE421694E55B00F70E2C /* OWUserInfoController.h */,
				D9FBAE431694E55B00F70E2C /* OWUserInfoController.m */,
				D9FBAED61695203900F70E2C /* OWReportListViewController.h */,
				D9FBAED71695203900F70E2C /* OWReportListViewController.m */,
				D9F6B9B4168CE0B00095D4FA /* OWReportViewController.h */,
				D9F6B9B5168CE0B00095D4FA /* OWReportViewController.m */,
				D903ADBC168CD3F2003D8A23 /* Supporting Files */,
			);
			path = "ACLU AZ";
			sourceTree = "<group>";
		};
		D903ADBC168CD3F2003D8A23 /* Supporting Files */ = {
			isa = PBXGroup;
			children = (
				D903ADBD168CD3F2003D8A23 /* ACLU AZ-Info.plist */,
				D903ADBE168CD3F2003D8A23 /* InfoPlist.strings */,
				D903ADC1168CD3F2003D8A23 /* main.m */,
				D903ADC3168CD3F2003D8A23 /* ACLU AZ-Prefix.pch */,
				D903ADC7168CD3F2003D8A23 /* Default.png */,
				D903ADC9168CD3F2003D8A23 /* Default@2x.png */,
				D903ADCB168CD3F2003D8A23 /* Default-568h@2x.png */,
			);
			name = "Supporting Files";
			sourceTree = "<group>";
		};
		D903ADD5168CD79D003D8A23 /* Media */ = {
			isa = PBXGroup;
			children = (
				D903ADED168CDD47003D8A23 /* about_icon.png */,
				D903ADEE168CDD47003D8A23 /* about_icon@2x.png */,
				D903ADD6168CD79D003D8A23 /* 1070.jpg */,
				D903ADD7168CD79D003D8A23 /* logo.jpg */,
			);
			path = Media;
			sourceTree = "<group>";
		};
		D903ADDD168CDCD6003D8A23 /* WEPopover */ = {
			isa = PBXGroup;
			children = (
				D903ADDE168CDCD6003D8A23 /* UIBarButtonItem+WEPopover.h */,
				D903ADDF168CDCD6003D8A23 /* UIBarButtonItem+WEPopover.m */,
				D903ADE0168CDCD6003D8A23 /* WEPopoverContainerView.h */,
				D903ADE1168CDCD6003D8A23 /* WEPopoverContainerView.m */,
				D903ADE2168CDCD6003D8A23 /* WEPopoverController.h */,
				D903ADE3168CDCD6003D8A23 /* WEPopoverController.m */,
				D903ADE4168CDCD6003D8A23 /* WEPopoverParentView.h */,
				D903ADE5168CDCD6003D8A23 /* WETouchableView.h */,
				D903ADE6168CDCD6003D8A23 /* WETouchableView.m */,
			);
			name = WEPopover;
			path = "Submodules/OpenWatch-iOS/Submodules/WEPopover/Classes/Popover";
			sourceTree = "<group>";
		};
		D903ADEB168CDCDD003D8A23 /* Submodules */ = {
			isa = PBXGroup;
			children = (
				D9FBAE541694F13A00F70E2C /* MagicalRecord */,
				D90696601694CE0C006FEA8C /* JSONKit */,
				D90696381694BDBF006FEA8C /* QuickDialog.xcodeproj */,
				D903ADEC168CDCE7003D8A23 /* OpenWatch */,
				D903ADDD168CDCD6003D8A23 /* WEPopover */,
			);
			name = Submodules;
			sourceTree = "<group>";
		};
		D903ADEC168CDCE7003D8A23 /* OpenWatch */ = {
			isa = PBXGroup;
			children = (
				D903ADDA168CDC16003D8A23 /* OWUtilities.h */,
				D903ADDB168CDC16003D8A23 /* OWUtilities.m */,
			);
			name = OpenWatch;
			sourceTree = "<group>";
		};
		D90696391694BDBF006FEA8C /* Products */ = {
			isa = PBXGroup;
			children = (
				D90696421694BDBF006FEA8C /* QuickDialogExample.app */,
				D90696441694BDBF006FEA8C /* libQuickDialog.a */,
			);
			name = Products;
			sourceTree = "<group>";
		};
		D90696601694CE0C006FEA8C /* JSONKit */ = {
			isa = PBXGroup;
			children = (
				D90696621694CE0C006FEA8C /* JSONKit.h */,
				D90696631694CE0C006FEA8C /* JSONKit.m */,
			);
			name = JSONKit;
			path = "Submodules/OpenWatch-iOS/Submodules/JSONKit";
			sourceTree = "<group>";
		};
		D9FBAE541694F13A00F70E2C /* MagicalRecord */ = {
			isa = PBXGroup;
			children = (
				D9FBAE551694F13A00F70E2C /* Categories */,
				D9FBAE7F1694F13A00F70E2C /* Core */,
				D9FBAE8F1694F13A00F70E2C /* CoreData+MagicalRecord.h */,
			);
			name = MagicalRecord;
			path = "Submodules/OpenWatch-iOS/Submodules/MagicalRecord/MagicalRecord";
			sourceTree = "<group>";
		};
		D9FBAE551694F13A00F70E2C /* Categories */ = {
			isa = PBXGroup;
			children = (
				D9FBAE561694F13A00F70E2C /* DataImport */,
				D9FBAE651694F13A00F70E2C /* NSManagedObject */,
				D9FBAE701694F13A00F70E2C /* NSManagedObjectContext */,
				D9FBAE791694F13A00F70E2C /* NSManagedObjectModel+MagicalRecord.h */,
				D9FBAE7A1694F13A00F70E2C /* NSManagedObjectModel+MagicalRecord.m */,
				D9FBAE7B1694F13A00F70E2C /* NSPersistentStore+MagicalRecord.h */,
				D9FBAE7C1694F13A00F70E2C /* NSPersistentStore+MagicalRecord.m */,
				D9FBAE7D1694F13A00F70E2C /* NSPersistentStoreCoordinator+MagicalRecord.h */,
				D9FBAE7E1694F13A00F70E2C /* NSPersistentStoreCoordinator+MagicalRecord.m */,
			);
			path = Categories;
			sourceTree = "<group>";
		};
		D9FBAE561694F13A00F70E2C /* DataImport */ = {
			isa = PBXGroup;
			children = (
				D9FBAE571694F13A00F70E2C /* MagicalImportFunctions.h */,
				D9FBAE581694F13A00F70E2C /* MagicalImportFunctions.m */,
				D9FBAE591694F13A00F70E2C /* NSAttributeDescription+MagicalDataImport.h */,
				D9FBAE5A1694F13A00F70E2C /* NSAttributeDescription+MagicalDataImport.m */,
				D9FBAE5B1694F13A00F70E2C /* NSEntityDescription+MagicalDataImport.h */,
				D9FBAE5C1694F13A00F70E2C /* NSEntityDescription+MagicalDataImport.m */,
				D9FBAE5D1694F13A00F70E2C /* NSNumber+MagicalDataImport.h */,
				D9FBAE5E1694F13A00F70E2C /* NSNumber+MagicalDataImport.m */,
				D9FBAE5F1694F13A00F70E2C /* NSObject+MagicalDataImport.h */,
				D9FBAE601694F13A00F70E2C /* NSObject+MagicalDataImport.m */,
				D9FBAE611694F13A00F70E2C /* NSRelationshipDescription+MagicalDataImport.h */,
				D9FBAE621694F13A00F70E2C /* NSRelationshipDescription+MagicalDataImport.m */,
				D9FBAE631694F13A00F70E2C /* NSString+MagicalDataImport.h */,
				D9FBAE641694F13A00F70E2C /* NSString+MagicalDataImport.m */,
			);
			path = DataImport;
			sourceTree = "<group>";
		};
		D9FBAE651694F13A00F70E2C /* NSManagedObject */ = {
			isa = PBXGroup;
			children = (
				D9FBAE661694F13A00F70E2C /* NSManagedObject+MagicalAggregation.h */,
				D9FBAE671694F13A00F70E2C /* NSManagedObject+MagicalAggregation.m */,
				D9FBAE681694F13A00F70E2C /* NSManagedObject+MagicalDataImport.h */,
				D9FBAE691694F13A00F70E2C /* NSManagedObject+MagicalDataImport.m */,
				D9FBAE6A1694F13A00F70E2C /* NSManagedObject+MagicalFinders.h */,
				D9FBAE6B1694F13A00F70E2C /* NSManagedObject+MagicalFinders.m */,
				D9FBAE6C1694F13A00F70E2C /* NSManagedObject+MagicalRecord.h */,
				D9FBAE6D1694F13A00F70E2C /* NSManagedObject+MagicalRecord.m */,
				D9FBAE6E1694F13A00F70E2C /* NSManagedObject+MagicalRequests.h */,
				D9FBAE6F1694F13A00F70E2C /* NSManagedObject+MagicalRequests.m */,
			);
			path = NSManagedObject;
			sourceTree = "<group>";
		};
		D9FBAE701694F13A00F70E2C /* NSManagedObjectContext */ = {
			isa = PBXGroup;
			children = (
				D9FBAE711694F13A00F70E2C /* NSManagedObjectContext+MagicalObserving.h */,
				D9FBAE721694F13A00F70E2C /* NSManagedObjectContext+MagicalObserving.m */,
				D9FBAE731694F13A00F70E2C /* NSManagedObjectContext+MagicalRecord.h */,
				D9FBAE741694F13A00F70E2C /* NSManagedObjectContext+MagicalRecord.m */,
				D9FBAE751694F13A00F70E2C /* NSManagedObjectContext+MagicalSaves.h */,
				D9FBAE761694F13A00F70E2C /* NSManagedObjectContext+MagicalSaves.m */,
				D9FBAE771694F13A00F70E2C /* NSManagedObjectContext+MagicalThreading.h */,
				D9FBAE781694F13A00F70E2C /* NSManagedObjectContext+MagicalThreading.m */,
			);
			path = NSManagedObjectContext;
			sourceTree = "<group>";
		};
		D9FBAE7F1694F13A00F70E2C /* Core */ = {
			isa = PBXGroup;
			children = (
				D9FBAE801694F13A00F70E2C /* MagicalRecord+Actions.h */,
				D9FBAE811694F13A00F70E2C /* MagicalRecord+Actions.m */,
				D9FBAE821694F13A00F70E2C /* MagicalRecord+ErrorHandling.h */,
				D9FBAE831694F13A00F70E2C /* MagicalRecord+ErrorHandling.m */,
				D9FBAE841694F13A00F70E2C /* MagicalRecord+iCloud.h */,
				D9FBAE851694F13A00F70E2C /* MagicalRecord+iCloud.m */,
				D9FBAE861694F13A00F70E2C /* MagicalRecord+Options.h */,
				D9FBAE871694F13A00F70E2C /* MagicalRecord+Options.m */,
				D9FBAE881694F13A00F70E2C /* MagicalRecord+Setup.h */,
				D9FBAE891694F13A00F70E2C /* MagicalRecord+Setup.m */,
				D9FBAE8A1694F13A00F70E2C /* MagicalRecord+ShorthandSupport.h */,
				D9FBAE8B1694F13A00F70E2C /* MagicalRecord+ShorthandSupport.m */,
				D9FBAE8C1694F13A00F70E2C /* MagicalRecord.h */,
				D9FBAE8D1694F13A00F70E2C /* MagicalRecord.m */,
				D9FBAE8E1694F13A00F70E2C /* MagicalRecordShorthand.h */,
			);
			path = Core;
			sourceTree = "<group>";
		};
/* End PBXGroup section */

/* Begin PBXNativeTarget section */
		D903ADB0168CD3F2003D8A23 /* ACLU AZ */ = {
			isa = PBXNativeTarget;
			buildConfigurationList = D903ADCF168CD3F2003D8A23 /* Build configuration list for PBXNativeTarget "ACLU AZ" */;
			buildPhases = (
				D903ADAD168CD3F2003D8A23 /* Sources */,
				D903ADAE168CD3F2003D8A23 /* Frameworks */,
				D903ADAF168CD3F2003D8A23 /* Resources */,
			);
			buildRules = (
			);
			dependencies = (
				D90696471694BDC7006FEA8C /* PBXTargetDependency */,
			);
			name = "ACLU AZ";
			productName = "ACLU AZ";
			productReference = D903ADB1168CD3F2003D8A23 /* ACLU AZ.app */;
			productType = "com.apple.product-type.application";
		};
/* End PBXNativeTarget section */

/* Begin PBXProject section */
		D903ADA8168CD3F2003D8A23 /* Project object */ = {
			isa = PBXProject;
			attributes = {
				CLASSPREFIX = OW;
				LastUpgradeCheck = 0450;
				ORGANIZATIONNAME = "OpenWatch FPC";
			};
			buildConfigurationList = D903ADAB168CD3F2003D8A23 /* Build configuration list for PBXProject "ACLU AZ" */;
			compatibilityVersion = "Xcode 3.2";
			developmentRegion = English;
			hasScannedForEncodings = 0;
			knownRegions = (
				en,
			);
			mainGroup = D903ADA6168CD3F2003D8A23;
			productRefGroup = D903ADB2168CD3F2003D8A23 /* Products */;
			projectDirPath = "";
			projectReferences = (
				{
					ProductGroup = D90696391694BDBF006FEA8C /* Products */;
					ProjectRef = D90696381694BDBF006FEA8C /* QuickDialog.xcodeproj */;
				},
			);
			projectRoot = "";
			targets = (
				D903ADB0168CD3F2003D8A23 /* ACLU AZ */,
			);
		};
/* End PBXProject section */

/* Begin PBXReferenceProxy section */
		D90696421694BDBF006FEA8C /* QuickDialogExample.app */ = {
			isa = PBXReferenceProxy;
			fileType = wrapper.application;
			path = QuickDialogExample.app;
			remoteRef = D90696411694BDBF006FEA8C /* PBXContainerItemProxy */;
			sourceTree = BUILT_PRODUCTS_DIR;
		};
		D90696441694BDBF006FEA8C /* libQuickDialog.a */ = {
			isa = PBXReferenceProxy;
			fileType = archive.ar;
			path = libQuickDialog.a;
			remoteRef = D90696431694BDBF006FEA8C /* PBXContainerItemProxy */;
			sourceTree = BUILT_PRODUCTS_DIR;
		};
/* End PBXReferenceProxy section */

/* Begin PBXResourcesBuildPhase section */
		D903ADAF168CD3F2003D8A23 /* Resources */ = {
			isa = PBXResourcesBuildPhase;
			buildActionMask = 2147483647;
			files = (
				D903ADC0168CD3F2003D8A23 /* InfoPlist.strings in Resources */,
				D903ADC8168CD3F2003D8A23 /* Default.png in Resources */,
				D903ADCA168CD3F2003D8A23 /* Default@2x.png in Resources */,
				D903ADCC168CD3F2003D8A23 /* Default-568h@2x.png in Resources */,
				D903ADD8168CD79D003D8A23 /* 1070.jpg in Resources */,
				D903ADD9168CD79D003D8A23 /* logo.jpg in Resources */,
				D903ADEF168CDD47003D8A23 /* about_icon.png in Resources */,
				D903ADF0168CDD47003D8A23 /* about_icon@2x.png in Resources */,
			);
			runOnlyForDeploymentPostprocessing = 0;
		};
/* End PBXResourcesBuildPhase section */

/* Begin PBXSourcesBuildPhase section */
		D903ADAD168CD3F2003D8A23 /* Sources */ = {
			isa = PBXSourcesBuildPhase;
			buildActionMask = 2147483647;
			files = (
				D903ADC2168CD3F2003D8A23 /* main.m in Sources */,
				D903ADC6168CD3F2003D8A23 /* OWAppDelegate.m in Sources */,
				D903ADDC168CDC16003D8A23 /* OWUtilities.m in Sources */,
				D903ADE7168CDCD6003D8A23 /* UIBarButtonItem+WEPopover.m in Sources */,
				D903ADE8168CDCD6003D8A23 /* WEPopoverContainerView.m in Sources */,
				D903ADE9168CDCD6003D8A23 /* WEPopoverController.m in Sources */,
				D903ADEA168CDCD6003D8A23 /* WETouchableView.m in Sources */,
				D9F6B9B1168CDDE10095D4FA /* OWACLUAZHomeViewController.m in Sources */,
				D9F6B9B6168CE0B00095D4FA /* OWReportViewController.m in Sources */,
				D906964F1694C074006FEA8C /* OWUserInfoViewController.m in Sources */,
				D90696661694CE0C006FEA8C /* JSONKit.m in Sources */,
				D906966A1694CED1006FEA8C /* OWACLUAZUtilities.m in Sources */,
				D9FBAE441694E55B00F70E2C /* OWUserInfoController.m in Sources */,
				D9FBAE471694EADC00F70E2C /* Model.xcdatamodeld in Sources */,
				D9FBAE4D1694EC4800F70E2C /* OWReport.m in Sources */,
				D9FBAE901694F13A00F70E2C /* MagicalImportFunctions.m in Sources */,
				D9FBAE911694F13A00F70E2C /* NSAttributeDescription+MagicalDataImport.m in Sources */,
				D9FBAE921694F13A00F70E2C /* NSEntityDescription+MagicalDataImport.m in Sources */,
				D9FBAE931694F13A00F70E2C /* NSNumber+MagicalDataImport.m in Sources */,
				D9FBAE941694F13A00F70E2C /* NSObject+MagicalDataImport.m in Sources */,
				D9FBAE951694F13A00F70E2C /* NSRelationshipDescription+MagicalDataImport.m in Sources */,
				D9FBAE961694F13A00F70E2C /* NSString+MagicalDataImport.m in Sources */,
				D9FBAE971694F13A00F70E2C /* NSManagedObject+MagicalAggregation.m in Sources */,
				D9FBAE981694F13A00F70E2C /* NSManagedObject+MagicalDataImport.m in Sources */,
				D9FBAE991694F13A00F70E2C /* NSManagedObject+MagicalFinders.m in Sources */,
				D9FBAE9A1694F13A00F70E2C /* NSManagedObject+MagicalRecord.m in Sources */,
				D9FBAE9B1694F13A00F70E2C /* NSManagedObject+MagicalRequests.m in Sources */,
				D9FBAE9C1694F13A00F70E2C /* NSManagedObjectContext+MagicalObserving.m in Sources */,
				D9FBAE9D1694F13A00F70E2C /* NSManagedObjectContext+MagicalRecord.m in Sources */,
				D9FBAE9E1694F13A00F70E2C /* NSManagedObjectContext+MagicalSaves.m in Sources */,
				D9FBAE9F1694F13A00F70E2C /* NSManagedObjectContext+MagicalThreading.m in Sources */,
				D9FBAEA01694F13A00F70E2C /* NSManagedObjectModel+MagicalRecord.m in Sources */,
				D9FBAEA11694F13A00F70E2C /* NSPersistentStore+MagicalRecord.m in Sources */,
				D9FBAEA21694F13A00F70E2C /* NSPersistentStoreCoordinator+MagicalRecord.m in Sources */,
				D9FBAEA31694F13A00F70E2C /* MagicalRecord+Actions.m in Sources */,
				D9FBAEA41694F13A00F70E2C /* MagicalRecord+ErrorHandling.m in Sources */,
				D9FBAEA51694F13A00F70E2C /* MagicalRecord+iCloud.m in Sources */,
				D9FBAEA61694F13A00F70E2C /* MagicalRecord+Options.m in Sources */,
				D9FBAEA71694F13A00F70E2C /* MagicalRecord+Setup.m in Sources */,
				D9FBAEA81694F13A00F70E2C /* MagicalRecord+ShorthandSupport.m in Sources */,
				D9FBAEA91694F13A00F70E2C /* MagicalRecord.m in Sources */,
				D9FBAED81695203A00F70E2C /* OWReportListViewController.m in Sources */,
			);
			runOnlyForDeploymentPostprocessing = 0;
		};
/* End PBXSourcesBuildPhase section */

/* Begin PBXTargetDependency section */
		D90696471694BDC7006FEA8C /* PBXTargetDependency */ = {
			isa = PBXTargetDependency;
			name = QuickDialog;
			targetProxy = D90696461694BDC7006FEA8C /* PBXContainerItemProxy */;
		};
/* End PBXTargetDependency section */

/* Begin PBXVariantGroup section */
		D903ADBE168CD3F2003D8A23 /* InfoPlist.strings */ = {
			isa = PBXVariantGroup;
			children = (
				D903ADBF168CD3F2003D8A23 /* en */,
			);
			name = InfoPlist.strings;
			sourceTree = "<group>";
		};
/* End PBXVariantGroup section */

/* Begin XCBuildConfiguration section */
		D903ADCD168CD3F2003D8A23 /* Debug */ = {
			isa = XCBuildConfiguration;
			buildSettings = {
				ALWAYS_SEARCH_USER_PATHS = NO;
				CLANG_CXX_LANGUAGE_STANDARD = "gnu++0x";
				CLANG_CXX_LIBRARY = "libc++";
				CLANG_ENABLE_OBJC_ARC = YES;
				CLANG_WARN_EMPTY_BODY = YES;
				CLANG_WARN__DUPLICATE_METHOD_MATCH = YES;
				"CODE_SIGN_IDENTITY[sdk=iphoneos*]" = "iPhone Developer";
				COPY_PHASE_STRIP = NO;
				GCC_C_LANGUAGE_STANDARD = gnu99;
				GCC_DYNAMIC_NO_PIC = NO;
				GCC_OPTIMIZATION_LEVEL = 0;
				GCC_PREPROCESSOR_DEFINITIONS = (
					"DEBUG=1",
					"$(inherited)",
				);
				GCC_SYMBOLS_PRIVATE_EXTERN = NO;
				GCC_WARN_ABOUT_RETURN_TYPE = YES;
				GCC_WARN_UNINITIALIZED_AUTOS = YES;
				GCC_WARN_UNUSED_VARIABLE = YES;
				IPHONEOS_DEPLOYMENT_TARGET = 6.0;
				ONLY_ACTIVE_ARCH = YES;
				SDKROOT = iphoneos;
				TARGETED_DEVICE_FAMILY = "1,2";
			};
			name = Debug;
		};
		D903ADCE168CD3F2003D8A23 /* Release */ = {
			isa = XCBuildConfiguration;
			buildSettings = {
				ALWAYS_SEARCH_USER_PATHS = NO;
				CLANG_CXX_LANGUAGE_STANDARD = "gnu++0x";
				CLANG_CXX_LIBRARY = "libc++";
				CLANG_ENABLE_OBJC_ARC = YES;
				CLANG_WARN_EMPTY_BODY = YES;
				CLANG_WARN__DUPLICATE_METHOD_MATCH = YES;
				"CODE_SIGN_IDENTITY[sdk=iphoneos*]" = "iPhone Developer";
				COPY_PHASE_STRIP = YES;
				GCC_C_LANGUAGE_STANDARD = gnu99;
				GCC_WARN_ABOUT_RETURN_TYPE = YES;
				GCC_WARN_UNINITIALIZED_AUTOS = YES;
				GCC_WARN_UNUSED_VARIABLE = YES;
				IPHONEOS_DEPLOYMENT_TARGET = 6.0;
				OTHER_CFLAGS = "-DNS_BLOCK_ASSERTIONS=1";
				SDKROOT = iphoneos;
				TARGETED_DEVICE_FAMILY = "1,2";
				VALIDATE_PRODUCT = YES;
			};
			name = Release;
		};
		D903ADD0168CD3F2003D8A23 /* Debug */ = {
			isa = XCBuildConfiguration;
			buildSettings = {
				ALWAYS_SEARCH_USER_PATHS = YES;
				GCC_PRECOMPILE_PREFIX_HEADER = YES;
				GCC_PREFIX_HEADER = "ACLU AZ/ACLU AZ-Prefix.pch";
				INFOPLIST_FILE = "ACLU AZ/ACLU AZ-Info.plist";
				IPHONEOS_DEPLOYMENT_TARGET = 5.0;
				OTHER_LDFLAGS = "-ObjC";
				PRODUCT_NAME = "$(TARGET_NAME)";
				USER_HEADER_SEARCH_PATHS = "\"${PROJECT_DIR}/Submodules\"/**";
				WRAPPER_EXTENSION = app;
			};
			name = Debug;
		};
		D903ADD1168CD3F2003D8A23 /* Release */ = {
			isa = XCBuildConfiguration;
			buildSettings = {
				ALWAYS_SEARCH_USER_PATHS = YES;
				GCC_PRECOMPILE_PREFIX_HEADER = YES;
				GCC_PREFIX_HEADER = "ACLU AZ/ACLU AZ-Prefix.pch";
				INFOPLIST_FILE = "ACLU AZ/ACLU AZ-Info.plist";
				IPHONEOS_DEPLOYMENT_TARGET = 5.0;
				OTHER_LDFLAGS = "-ObjC";
				PRODUCT_NAME = "$(TARGET_NAME)";
				USER_HEADER_SEARCH_PATHS = "\"${PROJECT_DIR}/Submodules\"/**";
				WRAPPER_EXTENSION = app;
			};
			name = Release;
		};
/* End XCBuildConfiguration section */

/* Begin XCConfigurationList section */
		D903ADAB168CD3F2003D8A23 /* Build configuration list for PBXProject "ACLU AZ" */ = {
			isa = XCConfigurationList;
			buildConfigurations = (
				D903ADCD168CD3F2003D8A23 /* Debug */,
				D903ADCE168CD3F2003D8A23 /* Release */,
			);
			defaultConfigurationIsVisible = 0;
			defaultConfigurationName = Release;
		};
		D903ADCF168CD3F2003D8A23 /* Build configuration list for PBXNativeTarget "ACLU AZ" */ = {
			isa = XCConfigurationList;
			buildConfigurations = (
				D903ADD0168CD3F2003D8A23 /* Debug */,
				D903ADD1168CD3F2003D8A23 /* Release */,
			);
			defaultConfigurationIsVisible = 0;
			defaultConfigurationName = Release;
		};
/* End XCConfigurationList section */

/* Begin XCVersionGroup section */
		D9FBAE451694EADC00F70E2C /* Model.xcdatamodeld */ = {
			isa = XCVersionGroup;
			children = (
				D9FBAE461694EADC00F70E2C /* Model.xcdatamodel */,
			);
			currentVersion = D9FBAE461694EADC00F70E2C /* Model.xcdatamodel */;
			path = Model.xcdatamodeld;
			sourceTree = "<group>";
			versionGroupType = wrapper.xcdatamodel;
		};
/* End XCVersionGroup section */
	};
	rootObject = D903ADA8168CD3F2003D8A23 /* Project object */;
}
